github.com/golemcloud/golem-go v1.3.0 h1:RjiZ0zvV/vfevoAEUYGQs76+gu06qqu9q0GR6pwsMYg=
github.com/golemcloud/golem-go v1.3.0/go.mod h1:jcJmXGDyYDUh9gQaVwEZa047SDZbadSJTIZe19Y3cs4=
github.com/golemcloud/golem-go v1.3.1 h1:oHsnHCJL8juR5Uop1gKOQ8DyBM5Diu6XpoPKQv+2UNg=
github.com/golemcloud/golem-go v1.3.1/go.mod h1:jcJmXGDyYDUh9gQaVwEZa047SDZbadSJTIZe19Y3cs4=
go.bytecodealliance.org/cm v0.2.2 h1:M9iHS6qs884mbQbIjtLX1OifgyPG9DuMs2iwz8G4WQA=
go.bytecodealliance.org/cm v0.2.2/go.mod h1:JD5vtVNZv7sBoQQkvBvAAVKJPhR/bqBH7yYXTItMfZI=
