# This file is automatically @generated by Cargo.
# It is not intended for manual editing.
version = 3

[[package]]
name = "bitflags"
version = "2.4.0"
source = "registry+https://github.com/rust-lang/crates.io-index"
checksum = "b4682ae6287fcf752ecaabbfcc7b6f9b72aa33933dc23a554d853aea8eea8635"

[[package]]
name = "key-value-service"
version = "0.0.1"
dependencies = [
 "wit-bindgen-rt",
]

[[package]]
name = "wit-bindgen-rt"
version = "0.26.0"
source = "registry+https://github.com/rust-lang/crates.io-index"
checksum = "29c7526379ace8709ee9ab9f2bb50f112d95581063a59ef3097d9c10153886c9"
dependencies = [
 "bitflags",
]
