{
  "name": "app",
  "lockfileVersion": 3,
  "requires": true,
  "packages": {
    "": {
      "name": "app",
      "workspaces": [
        "common-js/*/*",
        "components-js/*/*",
        "common-ts/*/*",
        "components-ts/*/*"
      ],
      "dependencies": {
        "@golemcloud/golem-ts-sdk": "file:../../golemcloud-golem-ts-sdk-0.0.0.tgz"
      },
      "devDependencies": {
        "@golemcloud/golem-ts-typegen": "file:../../golemcloud-golem-ts-typegen-0.0.0.tgz",
        "@golemcloud/golem-ts-types-core": "file:../../golemcloud-golem-ts-types-core-0.0.0.tgz",
        "@rollup/plugin-alias": "^5.1.1",
        "@rollup/plugin-commonjs": "^28.0.6",
        "@rollup/plugin-json": "^6.1.0",
        "@rollup/plugin-node-resolve": "^16.0.1",
        "@rollup/plugin-typescript": "^12.1.4",
        "@types/node": "^24.3.1",
        "rollup": "^4.50.1",
        "tslib": "^2.8.1",
        "typescript": "^5.9.2"
      }
    },
    "node_modules/@golemcloud/golem-ts-sdk": {
      "version": "0.0.0",
      "resolved": "file:../../golemcloud-golem-ts-sdk-0.0.0.tgz",
      "integrity": "sha512-4KPIcgxp3RNKwzCnXO7MUXBSCcItjZRPR2zNNamajGKlbUy2t2qwFvc80L9ltNURrRj9jPxHYzmPIHYWxn+W8g==",
      "license": "SEE LICENSE IN LICENSE",
      "dependencies": {
        "@golemcloud/golem-ts-types-core": "0.0.0"
      }
    },
    "node_modules/@golemcloud/golem-ts-typegen": {
      "version": "0.0.0",
      "resolved": "file:../../golemcloud-golem-ts-typegen-0.0.0.tgz",
      "integrity": "sha512-7NROwuZD4vx4M+3rsHHNVhLb0gm1uSzkYm+oI7Zr8jLgqzyy06ko0aXZcRujCKOa8A1FNxol17ilD1P2fOmTsQ==",
      "dev": true,
      "license": "SEE LICENSE IN LICENSE",
      "dependencies": {
        "@golemcloud/golem-ts-types-core": "0.0.0",
        "chalk": "^5.3.0",
        "commander": "^14.0.0",
        "log-symbols": "^7.0.1",
        "ts-morph": "^26.0.0"
      },
      "bin": {
        "golem-typegen": "dist/bin/golem-typegen.js"
      }
    },
    "node_modules/@golemcloud/golem-ts-types-core": {
      "version": "0.0.0",
      "resolved": "file:../../golemcloud-golem-ts-types-core-0.0.0.tgz",
      "integrity": "sha512-DVqaAyzMohxGMNV9n+Mz7oPlW2oawisbkdSvTFEq4xS/5YXhpUpJjtbVDJV7Ur/mthaefV0Lig7CkmKSUBqh8g==",
      "license": "SEE LICENSE IN LICENSE"
    },
    "node_modules/@isaacs/balanced-match": {
      "version": "4.0.1",
      "resolved": "https://registry.npmjs.org/@isaacs/balanced-match/-/balanced-match-4.0.1.tgz",
      "integrity": "sha512-yzMTt9lEb8Gv7zRioUilSglI0c0smZ9k5D65677DLWLtWJaXIS3CqcGyUFByYKlnUj6TkjLVs54fBl6+TiGQDQ==",
      "dev": true,
      "license": "MIT",
      "engines": {
        "node": "20 || >=22"
      }
    },
    "node_modules/@isaacs/brace-expansion": {
      "version": "5.0.0",
      "resolved": "https://registry.npmjs.org/@isaacs/brace-expansion/-/brace-expansion-5.0.0.tgz",
      "integrity": "sha512-ZT55BDLV0yv0RBm2czMiZ+SqCGO7AvmOM3G/w2xhVPH+te0aKgFjmBvGlL1dH+ql2tgGO3MVrbb3jCKyvpgnxA==",
      "dev": true,
      "license": "MIT",
      "dependencies": {
        "@isaacs/balanced-match": "^4.0.1"
      },
      "engines": {
        "node": "20 || >=22"
      }
    },
    "node_modules/@jridgewell/sourcemap-codec": {
      "version": "1.5.5",
      "resolved": "https://registry.npmjs.org/@jridgewell/sourcemap-codec/-/sourcemap-codec-1.5.5.tgz",
      "integrity": "sha512-cYQ9310grqxueWbl+WuIUIaiUaDcj7WOq5fVhEljNVgRfOUhY9fy2zTvfoqWsnebh8Sl70VScFbICvJnLKB0Og==",
      "dev": true,
      "license": "MIT"
    },
    "node_modules/@nodelib/fs.scandir": {
      "version": "2.1.5",
      "resolved": "https://registry.npmjs.org/@nodelib/fs.scandir/-/fs.scandir-2.1.5.tgz",
      "integrity": "sha512-vq24Bq3ym5HEQm2NKCr3yXDwjc7vTsEThRDnkp2DK9p1uqLR+DHurm/NOTo0KG7HYHU7eppKZj3MyqYuMBf62g==",
      "dev": true,
      "license": "MIT",
      "dependencies": {
        "@nodelib/fs.stat": "2.0.5",
        "run-parallel": "^1.1.9"
      },
      "engines": {
        "node": ">= 8"
      }
    },
    "node_modules/@nodelib/fs.stat": {
      "version": "2.0.5",
      "resolved": "https://registry.npmjs.org/@nodelib/fs.stat/-/fs.stat-2.0.5.tgz",
      "integrity": "sha512-RkhPPp2zrqDAQA/2jNhnztcPAlv64XdhIp7a7454A5ovI7Bukxgt7MX7udwAu3zg1DcpPU0rz3VV1SeaqvY4+A==",
      "dev": true,
      "license": "MIT",
      "engines": {
        "node": ">= 8"
      }
    },
    "node_modules/@nodelib/fs.walk": {
      "version": "1.2.8",
      "resolved": "https://registry.npmjs.org/@nodelib/fs.walk/-/fs.walk-1.2.8.tgz",
      "integrity": "sha512-oGB+UxlgWcgQkgwo8GcEGwemoTFt3FIO9ababBmaGwXIoBKZ+GTy0pP185beGg7Llih/NSHSV2XAs1lnznocSg==",
      "dev": true,
      "license": "MIT",
      "dependencies": {
        "@nodelib/fs.scandir": "2.1.5",
        "fastq": "^1.6.0"
      },
      "engines": {
        "node": ">= 8"
      }
    },
    "node_modules/@rollup/plugin-alias": {
      "version": "5.1.1",
      "resolved": "https://registry.npmjs.org/@rollup/plugin-alias/-/plugin-alias-5.1.1.tgz",
      "integrity": "sha512-PR9zDb+rOzkRb2VD+EuKB7UC41vU5DIwZ5qqCpk0KJudcWAyi8rvYOhS7+L5aZCspw1stTViLgN5v6FF1p5cgQ==",
      "dev": true,
      "license": "MIT",
      "engines": {
        "node": ">=14.0.0"
      },
      "peerDependencies": {
        "rollup": "^1.20.0||^2.0.0||^3.0.0||^4.0.0"
      },
      "peerDependenciesMeta": {
        "rollup": {
          "optional": true
        }
      }
    },
    "node_modules/@rollup/plugin-commonjs": {
      "version": "28.0.9",
      "resolved": "https://registry.npmjs.org/@rollup/plugin-commonjs/-/plugin-commonjs-28.0.9.tgz",
      "integrity": "sha512-PIR4/OHZ79romx0BVVll/PkwWpJ7e5lsqFa3gFfcrFPWwLXLV39JVUzQV9RKjWerE7B845Hqjj9VYlQeieZ2dA==",
      "dev": true,
      "license": "MIT",
      "dependencies": {
        "@rollup/pluginutils": "^5.0.1",
        "commondir": "^1.0.1",
        "estree-walker": "^2.0.2",
        "fdir": "^6.2.0",
        "is-reference": "1.2.1",
        "magic-string": "^0.30.3",
        "picomatch": "^4.0.2"
      },
      "engines": {
        "node": ">=16.0.0 || 14 >= 14.17"
      },
      "peerDependencies": {
        "rollup": "^2.68.0||^3.0.0||^4.0.0"
      },
      "peerDependenciesMeta": {
        "rollup": {
          "optional": true
        }
      }
    },
    "node_modules/@rollup/plugin-json": {
      "version": "6.1.0",
      "resolved": "https://registry.npmjs.org/@rollup/plugin-json/-/plugin-json-6.1.0.tgz",
      "integrity": "sha512-EGI2te5ENk1coGeADSIwZ7G2Q8CJS2sF120T7jLw4xFw9n7wIOXHo+kIYRAoVpJAN+kmqZSoO3Fp4JtoNF4ReA==",
      "dev": true,
      "license": "MIT",
      "dependencies": {
        "@rollup/pluginutils": "^5.1.0"
      },
      "engines": {
        "node": ">=14.0.0"
      },
      "peerDependencies": {
        "rollup": "^1.20.0||^2.0.0||^3.0.0||^4.0.0"
      },
      "peerDependenciesMeta": {
        "rollup": {
          "optional": true
        }
      }
    },
    "node_modules/@rollup/plugin-node-resolve": {
      "version": "16.0.3",
      "resolved": "https://registry.npmjs.org/@rollup/plugin-node-resolve/-/plugin-node-resolve-16.0.3.tgz",
      "integrity": "sha512-lUYM3UBGuM93CnMPG1YocWu7X802BrNF3jW2zny5gQyLQgRFJhV1Sq0Zi74+dh/6NBx1DxFC4b4GXg9wUCG5Qg==",
      "dev": true,
      "license": "MIT",
      "dependencies": {
        "@rollup/pluginutils": "^5.0.1",
        "@types/resolve": "1.20.2",
        "deepmerge": "^4.2.2",
        "is-module": "^1.0.0",
        "resolve": "^1.22.1"
      },
      "engines": {
        "node": ">=14.0.0"
      },
      "peerDependencies": {
        "rollup": "^2.78.0||^3.0.0||^4.0.0"
      },
      "peerDependenciesMeta": {
        "rollup": {
          "optional": true
        }
      }
    },
    "node_modules/@rollup/plugin-typescript": {
      "version": "12.3.0",
      "resolved": "https://registry.npmjs.org/@rollup/plugin-typescript/-/plugin-typescript-12.3.0.tgz",
      "integrity": "sha512-7DP0/p7y3t67+NabT9f8oTBFE6gGkto4SA6Np2oudYmZE/m1dt8RB0SjL1msMxFpLo631qjRCcBlAbq1ml/Big==",
      "dev": true,
      "license": "MIT",
      "dependencies": {
        "@rollup/pluginutils": "^5.1.0",
        "resolve": "^1.22.1"
      },
      "engines": {
        "node": ">=14.0.0"
      },
      "peerDependencies": {
        "rollup": "^2.14.0||^3.0.0||^4.0.0",
        "tslib": "*",
        "typescript": ">=3.7.0"
      },
      "peerDependenciesMeta": {
        "rollup": {
          "optional": true
        },
        "tslib": {
          "optional": true
        }
      }
    },
    "node_modules/@rollup/pluginutils": {
      "version": "5.3.0",
      "resolved": "https://registry.npmjs.org/@rollup/pluginutils/-/pluginutils-5.3.0.tgz",
      "integrity": "sha512-5EdhGZtnu3V88ces7s53hhfK5KSASnJZv8Lulpc04cWO3REESroJXg73DFsOmgbU2BhwV0E20bu2IDZb3VKW4Q==",
      "dev": true,
      "license": "MIT",
      "dependencies": {
        "@types/estree": "^1.0.0",
        "estree-walker": "^2.0.2",
        "picomatch": "^4.0.2"
      },
      "engines": {
        "node": ">=14.0.0"
      },
      "peerDependencies": {
        "rollup": "^1.20.0||^2.0.0||^3.0.0||^4.0.0"
      },
      "peerDependenciesMeta": {
        "rollup": {
          "optional": true
        }
      }
    },
    "node_modules/@rollup/rollup-android-arm-eabi": {
      "version": "4.53.2",
      "resolved": "https://registry.npmjs.org/@rollup/rollup-android-arm-eabi/-/rollup-android-arm-eabi-4.53.2.tgz",
      "integrity": "sha512-yDPzwsgiFO26RJA4nZo8I+xqzh7sJTZIWQOxn+/XOdPE31lAvLIYCKqjV+lNH/vxE2L2iH3plKxDCRK6i+CwhA==",
      "cpu": [
        "arm"
      ],
      "dev": true,
      "license": "MIT",
      "optional": true,
      "os": [
        "android"
      ]
    },
    "node_modules/@rollup/rollup-android-arm64": {
      "version": "4.53.2",
      "resolved": "https://registry.npmjs.org/@rollup/rollup-android-arm64/-/rollup-android-arm64-4.53.2.tgz",
      "integrity": "sha512-k8FontTxIE7b0/OGKeSN5B6j25EuppBcWM33Z19JoVT7UTXFSo3D9CdU39wGTeb29NO3XxpMNauh09B+Ibw+9g==",
      "cpu": [
        "arm64"
      ],
      "dev": true,
      "license": "MIT",
      "optional": true,
      "os": [
        "android"
      ]
    },
    "node_modules/@rollup/rollup-darwin-arm64": {
      "version": "4.53.2",
      "resolved": "https://registry.npmjs.org/@rollup/rollup-darwin-arm64/-/rollup-darwin-arm64-4.53.2.tgz",
      "integrity": "sha512-A6s4gJpomNBtJ2yioj8bflM2oogDwzUiMl2yNJ2v9E7++sHrSrsQ29fOfn5DM/iCzpWcebNYEdXpaK4tr2RhfQ==",
      "cpu": [
        "arm64"
      ],
      "dev": true,
      "license": "MIT",
      "optional": true,
      "os": [
        "darwin"
      ]
    },
    "node_modules/@rollup/rollup-darwin-x64": {
      "version": "4.53.2",
      "resolved": "https://registry.npmjs.org/@rollup/rollup-darwin-x64/-/rollup-darwin-x64-4.53.2.tgz",
      "integrity": "sha512-e6XqVmXlHrBlG56obu9gDRPW3O3hLxpwHpLsBJvuI8qqnsrtSZ9ERoWUXtPOkY8c78WghyPHZdmPhHLWNdAGEw==",
      "cpu": [
        "x64"
      ],
      "dev": true,
      "license": "MIT",
      "optional": true,
      "os": [
        "darwin"
      ]
    },
    "node_modules/@rollup/rollup-freebsd-arm64": {
      "version": "4.53.2",
      "resolved": "https://registry.npmjs.org/@rollup/rollup-freebsd-arm64/-/rollup-freebsd-arm64-4.53.2.tgz",
      "integrity": "sha512-v0E9lJW8VsrwPux5Qe5CwmH/CF/2mQs6xU1MF3nmUxmZUCHazCjLgYvToOk+YuuUqLQBio1qkkREhxhc656ViA==",
      "cpu": [
        "arm64"
      ],
      "dev": true,
      "license": "MIT",
      "optional": true,
      "os": [
        "freebsd"
      ]
    },
    "node_modules/@rollup/rollup-freebsd-x64": {
      "version": "4.53.2",
      "resolved": "https://registry.npmjs.org/@rollup/rollup-freebsd-x64/-/rollup-freebsd-x64-4.53.2.tgz",
      "integrity": "sha512-ClAmAPx3ZCHtp6ysl4XEhWU69GUB1D+s7G9YjHGhIGCSrsg00nEGRRZHmINYxkdoJehde8VIsDC5t9C0gb6yqA==",
      "cpu": [
        "x64"
      ],
      "dev": true,
      "license": "MIT",
      "optional": true,
      "os": [
        "freebsd"
      ]
    },
    "node_modules/@rollup/rollup-linux-arm-gnueabihf": {
      "version": "4.53.2",
      "resolved": "https://registry.npmjs.org/@rollup/rollup-linux-arm-gnueabihf/-/rollup-linux-arm-gnueabihf-4.53.2.tgz",
      "integrity": "sha512-EPlb95nUsz6Dd9Qy13fI5kUPXNSljaG9FiJ4YUGU1O/Q77i5DYFW5KR8g1OzTcdZUqQQ1KdDqsTohdFVwCwjqg==",
      "cpu": [
        "arm"
      ],
      "dev": true,
      "license": "MIT",
      "optional": true,
      "os": [
        "linux"
      ]
    },
    "node_modules/@rollup/rollup-linux-arm-musleabihf": {
      "version": "4.53.2",
      "resolved": "https://registry.npmjs.org/@rollup/rollup-linux-arm-musleabihf/-/rollup-linux-arm-musleabihf-4.53.2.tgz",
      "integrity": "sha512-BOmnVW+khAUX+YZvNfa0tGTEMVVEerOxN0pDk2E6N6DsEIa2Ctj48FOMfNDdrwinocKaC7YXUZ1pHlKpnkja/Q==",
      "cpu": [
        "arm"
      ],
      "dev": true,
      "license": "MIT",
      "optional": true,
      "os": [
        "linux"
      ]
    },
    "node_modules/@rollup/rollup-linux-arm64-gnu": {
      "version": "4.53.2",
      "resolved": "https://registry.npmjs.org/@rollup/rollup-linux-arm64-gnu/-/rollup-linux-arm64-gnu-4.53.2.tgz",
      "integrity": "sha512-Xt2byDZ+6OVNuREgBXr4+CZDJtrVso5woFtpKdGPhpTPHcNG7D8YXeQzpNbFRxzTVqJf7kvPMCub/pcGUWgBjA==",
      "cpu": [
        "arm64"
      ],
      "dev": true,
      "license": "MIT",
      "optional": true,
      "os": [
        "linux"
      ]
    },
    "node_modules/@rollup/rollup-linux-arm64-musl": {
      "version": "4.53.2",
      "resolved": "https://registry.npmjs.org/@rollup/rollup-linux-arm64-musl/-/rollup-linux-arm64-musl-4.53.2.tgz",
      "integrity": "sha512-+LdZSldy/I9N8+klim/Y1HsKbJ3BbInHav5qE9Iy77dtHC/pibw1SR/fXlWyAk0ThnpRKoODwnAuSjqxFRDHUQ==",
      "cpu": [
        "arm64"
      ],
      "dev": true,
      "license": "MIT",
      "optional": true,
      "os": [
        "linux"
      ]
    },
    "node_modules/@rollup/rollup-linux-loong64-gnu": {
      "version": "4.53.2",
      "resolved": "https://registry.npmjs.org/@rollup/rollup-linux-loong64-gnu/-/rollup-linux-loong64-gnu-4.53.2.tgz",
      "integrity": "sha512-8ms8sjmyc1jWJS6WdNSA23rEfdjWB30LH8Wqj0Cqvv7qSHnvw6kgMMXRdop6hkmGPlyYBdRPkjJnj3KCUHV/uQ==",
      "cpu": [
        "loong64"
      ],
      "dev": true,
      "license": "MIT",
      "optional": true,
      "os": [
        "linux"
      ]
    },
    "node_modules/@rollup/rollup-linux-ppc64-gnu": {
      "version": "4.53.2",
      "resolved": "https://registry.npmjs.org/@rollup/rollup-linux-ppc64-gnu/-/rollup-linux-ppc64-gnu-4.53.2.tgz",
      "integrity": "sha512-3HRQLUQbpBDMmzoxPJYd3W6vrVHOo2cVW8RUo87Xz0JPJcBLBr5kZ1pGcQAhdZgX9VV7NbGNipah1omKKe23/g==",
      "cpu": [
        "ppc64"
      ],
      "dev": true,
      "license": "MIT",
      "optional": true,
      "os": [
        "linux"
      ]
    },
    "node_modules/@rollup/rollup-linux-riscv64-gnu": {
      "version": "4.53.2",
      "resolved": "https://registry.npmjs.org/@rollup/rollup-linux-riscv64-gnu/-/rollup-linux-riscv64-gnu-4.53.2.tgz",
      "integrity": "sha512-fMjKi+ojnmIvhk34gZP94vjogXNNUKMEYs+EDaB/5TG/wUkoeua7p7VCHnE6T2Tx+iaghAqQX8teQzcvrYpaQA==",
      "cpu": [
        "riscv64"
      ],
      "dev": true,
      "license": "MIT",
      "optional": true,
      "os": [
        "linux"
      ]
    },
    "node_modules/@rollup/rollup-linux-riscv64-musl": {
      "version": "4.53.2",
      "resolved": "https://registry.npmjs.org/@rollup/rollup-linux-riscv64-musl/-/rollup-linux-riscv64-musl-4.53.2.tgz",
      "integrity": "sha512-XuGFGU+VwUUV5kLvoAdi0Wz5Xbh2SrjIxCtZj6Wq8MDp4bflb/+ThZsVxokM7n0pcbkEr2h5/pzqzDYI7cCgLQ==",
      "cpu": [
        "riscv64"
      ],
      "dev": true,
      "license": "MIT",
      "optional": true,
      "os": [
        "linux"
      ]
    },
    "node_modules/@rollup/rollup-linux-s390x-gnu": {
      "version": "4.53.2",
      "resolved": "https://registry.npmjs.org/@rollup/rollup-linux-s390x-gnu/-/rollup-linux-s390x-gnu-4.53.2.tgz",
      "integrity": "sha512-w6yjZF0P+NGzWR3AXWX9zc0DNEGdtvykB03uhonSHMRa+oWA6novflo2WaJr6JZakG2ucsyb+rvhrKac6NIy+w==",
      "cpu": [
        "s390x"
      ],
      "dev": true,
      "license": "MIT",
      "optional": true,
      "os": [
        "linux"
      ]
    },
    "node_modules/@rollup/rollup-linux-x64-gnu": {
      "version": "4.53.2",
      "resolved": "https://registry.npmjs.org/@rollup/rollup-linux-x64-gnu/-/rollup-linux-x64-gnu-4.53.2.tgz",
      "integrity": "sha512-yo8d6tdfdeBArzC7T/PnHd7OypfI9cbuZzPnzLJIyKYFhAQ8SvlkKtKBMbXDxe1h03Rcr7u++nFS7tqXz87Gtw==",
      "cpu": [
        "x64"
      ],
      "dev": true,
      "license": "MIT",
      "optional": true,
      "os": [
        "linux"
      ]
    },
    "node_modules/@rollup/rollup-linux-x64-musl": {
      "version": "4.53.2",
      "resolved": "https://registry.npmjs.org/@rollup/rollup-linux-x64-musl/-/rollup-linux-x64-musl-4.53.2.tgz",
      "integrity": "sha512-ah59c1YkCxKExPP8O9PwOvs+XRLKwh/mV+3YdKqQ5AMQ0r4M4ZDuOrpWkUaqO7fzAHdINzV9tEVu8vNw48z0lA==",
      "cpu": [
        "x64"
      ],
      "dev": true,
      "license": "MIT",
      "optional": true,
      "os": [
        "linux"
      ]
    },
    "node_modules/@rollup/rollup-openharmony-arm64": {
      "version": "4.53.2",
      "resolved": "https://registry.npmjs.org/@rollup/rollup-openharmony-arm64/-/rollup-openharmony-arm64-4.53.2.tgz",
      "integrity": "sha512-4VEd19Wmhr+Zy7hbUsFZ6YXEiP48hE//KPLCSVNY5RMGX2/7HZ+QkN55a3atM1C/BZCGIgqN+xrVgtdak2S9+A==",
      "cpu": [
        "arm64"
      ],
      "dev": true,
      "license": "MIT",
      "optional": true,
      "os": [
        "openharmony"
      ]
    },
    "node_modules/@rollup/rollup-win32-arm64-msvc": {
      "version": "4.53.2",
      "resolved": "https://registry.npmjs.org/@rollup/rollup-win32-arm64-msvc/-/rollup-win32-arm64-msvc-4.53.2.tgz",
      "integrity": "sha512-IlbHFYc/pQCgew/d5fslcy1KEaYVCJ44G8pajugd8VoOEI8ODhtb/j8XMhLpwHCMB3yk2J07ctup10gpw2nyMA==",
      "cpu": [
        "arm64"
      ],
      "dev": true,
      "license": "MIT",
      "optional": true,
      "os": [
        "win32"
      ]
    },
    "node_modules/@rollup/rollup-win32-ia32-msvc": {
      "version": "4.53.2",
      "resolved": "https://registry.npmjs.org/@rollup/rollup-win32-ia32-msvc/-/rollup-win32-ia32-msvc-4.53.2.tgz",
      "integrity": "sha512-lNlPEGgdUfSzdCWU176ku/dQRnA7W+Gp8d+cWv73jYrb8uT7HTVVxq62DUYxjbaByuf1Yk0RIIAbDzp+CnOTFg==",
      "cpu": [
        "ia32"
      ],
      "dev": true,
      "license": "MIT",
      "optional": true,
      "os": [
        "win32"
      ]
    },
    "node_modules/@rollup/rollup-win32-x64-gnu": {
      "version": "4.53.2",
      "resolved": "https://registry.npmjs.org/@rollup/rollup-win32-x64-gnu/-/rollup-win32-x64-gnu-4.53.2.tgz",
      "integrity": "sha512-S6YojNVrHybQis2lYov1sd+uj7K0Q05NxHcGktuMMdIQ2VixGwAfbJ23NnlvvVV1bdpR2m5MsNBViHJKcA4ADw==",
      "cpu": [
        "x64"
      ],
      "dev": true,
      "license": "MIT",
      "optional": true,
      "os": [
        "win32"
      ]
    },
    "node_modules/@rollup/rollup-win32-x64-msvc": {
      "version": "4.53.2",
      "resolved": "https://registry.npmjs.org/@rollup/rollup-win32-x64-msvc/-/rollup-win32-x64-msvc-4.53.2.tgz",
      "integrity": "sha512-k+/Rkcyx//P6fetPoLMb8pBeqJBNGx81uuf7iljX9++yNBVRDQgD04L+SVXmXmh5ZP4/WOp4mWF0kmi06PW2tA==",
      "cpu": [
        "x64"
      ],
      "dev": true,
      "license": "MIT",
      "optional": true,
      "os": [
        "win32"
      ]
    },
    "node_modules/@ts-morph/common": {
      "version": "0.27.0",
      "resolved": "https://registry.npmjs.org/@ts-morph/common/-/common-0.27.0.tgz",
      "integrity": "sha512-Wf29UqxWDpc+i61k3oIOzcUfQt79PIT9y/MWfAGlrkjg6lBC1hwDECLXPVJAhWjiGbfBCxZd65F/LIZF3+jeJQ==",
      "dev": true,
      "license": "MIT",
      "dependencies": {
        "fast-glob": "^3.3.3",
        "minimatch": "^10.0.1",
        "path-browserify": "^1.0.1"
      }
    },
    "node_modules/@types/estree": {
      "version": "1.0.8",
      "resolved": "https://registry.npmjs.org/@types/estree/-/estree-1.0.8.tgz",
      "integrity": "sha512-dWHzHa2WqEXI/O1E9OjrocMTKJl2mSrEolh1Iomrv6U+JuNwaHXsXx9bLu5gG7BUWFIN0skIQJQ/L1rIex4X6w==",
      "dev": true,
      "license": "MIT"
    },
    "node_modules/@types/node": {
      "version": "24.10.1",
      "resolved": "https://registry.npmjs.org/@types/node/-/node-24.10.1.tgz",
      "integrity": "sha512-GNWcUTRBgIRJD5zj+Tq0fKOJ5XZajIiBroOF0yvj2bSU1WvNdYS/dn9UxwsujGW4JX06dnHyjV2y9rRaybH0iQ==",
      "dev": true,
      "license": "MIT",
      "dependencies": {
        "undici-types": "~7.16.0"
      }
    },
    "node_modules/@types/resolve": {
      "version": "1.20.2",
      "resolved": "https://registry.npmjs.org/@types/resolve/-/resolve-1.20.2.tgz",
      "integrity": "sha512-60BCwRFOZCQhDncwQdxxeOEEkbc5dIMccYLwbxsS4TUNeVECQ/pBJ0j09mrHOl/JJvpRPGwO9SvE4nR2Nb/a4Q==",
      "dev": true,
      "license": "MIT"
    },
    "node_modules/braces": {
      "version": "3.0.3",
      "resolved": "https://registry.npmjs.org/braces/-/braces-3.0.3.tgz",
      "integrity": "sha512-yQbXgO/OSZVD2IsiLlro+7Hf6Q18EJrKSEsdoMzKePKXct3gvD8oLcOQdIzGupr5Fj+EDe8gO/lxc1BzfMpxvA==",
      "dev": true,
      "license": "MIT",
      "dependencies": {
        "fill-range": "^7.1.1"
      },
      "engines": {
        "node": ">=8"
      }
    },
    "node_modules/chalk": {
      "version": "5.6.2",
      "resolved": "https://registry.npmjs.org/chalk/-/chalk-5.6.2.tgz",
      "integrity": "sha512-7NzBL0rN6fMUW+f7A6Io4h40qQlG+xGmtMxfbnH/K7TAtt8JQWVQK+6g0UXKMeVJoyV5EkkNsErQ8pVD3bLHbA==",
      "dev": true,
      "license": "MIT",
      "engines": {
        "node": "^12.17.0 || ^14.13 || >=16.0.0"
      },
      "funding": {
        "url": "https://github.com/chalk/chalk?sponsor=1"
      }
    },
    "node_modules/code-block-writer": {
      "version": "13.0.3",
      "resolved": "https://registry.npmjs.org/code-block-writer/-/code-block-writer-13.0.3.tgz",
      "integrity": "sha512-Oofo0pq3IKnsFtuHqSF7TqBfr71aeyZDVJ0HpmqB7FBM2qEigL0iPONSCZSO9pE9dZTAxANe5XHG9Uy0YMv8cg==",
      "dev": true,
      "license": "MIT"
    },
    "node_modules/commander": {
      "version": "14.0.2",
      "resolved": "https://registry.npmjs.org/commander/-/commander-14.0.2.tgz",
      "integrity": "sha512-TywoWNNRbhoD0BXs1P3ZEScW8W5iKrnbithIl0YH+uCmBd0QpPOA8yc82DS3BIE5Ma6FnBVUsJ7wVUDz4dvOWQ==",
      "dev": true,
      "license": "MIT",
      "engines": {
        "node": ">=20"
      }
    },
    "node_modules/commondir": {
      "version": "1.0.1",
      "resolved": "https://registry.npmjs.org/commondir/-/commondir-1.0.1.tgz",
      "integrity": "sha512-W9pAhw0ja1Edb5GVdIF1mjZw/ASI0AlShXM83UUGe2DVr5TdAPEA1OA8m/g8zWp9x6On7gqufY+FatDbC3MDQg==",
      "dev": true,
      "license": "MIT"
    },
    "node_modules/deepmerge": {
      "version": "4.3.1",
      "resolved": "https://registry.npmjs.org/deepmerge/-/deepmerge-4.3.1.tgz",
      "integrity": "sha512-3sUqbMEc77XqpdNO7FRyRog+eW3ph+GYCbj+rK+uYyRMuwsVy0rMiVtPn+QJlKFvWP/1PYpapqYn0Me2knFn+A==",
      "dev": true,
      "license": "MIT",
      "engines": {
        "node": ">=0.10.0"
      }
    },
    "node_modules/estree-walker": {
      "version": "2.0.2",
      "resolved": "https://registry.npmjs.org/estree-walker/-/estree-walker-2.0.2.tgz",
      "integrity": "sha512-Rfkk/Mp/DL7JVje3u18FxFujQlTNR2q6QfMSMB7AvCBx91NGj/ba3kCfza0f6dVDbw7YlRf/nDrn7pQrCCyQ/w==",
      "dev": true,
      "license": "MIT"
    },
    "node_modules/fast-glob": {
      "version": "3.3.3",
      "resolved": "https://registry.npmjs.org/fast-glob/-/fast-glob-3.3.3.tgz",
      "integrity": "sha512-7MptL8U0cqcFdzIzwOTHoilX9x5BrNqye7Z/LuC7kCMRio1EMSyqRK3BEAUD7sXRq4iT4AzTVuZdhgQ2TCvYLg==",
      "dev": true,
      "license": "MIT",
      "dependencies": {
        "@nodelib/fs.stat": "^2.0.2",
        "@nodelib/fs.walk": "^1.2.3",
        "glob-parent": "^5.1.2",
        "merge2": "^1.3.0",
        "micromatch": "^4.0.8"
      },
      "engines": {
        "node": ">=8.6.0"
      }
    },
    "node_modules/fastq": {
      "version": "1.19.1",
      "resolved": "https://registry.npmjs.org/fastq/-/fastq-1.19.1.tgz",
      "integrity": "sha512-GwLTyxkCXjXbxqIhTsMI2Nui8huMPtnxg7krajPJAjnEG/iiOS7i+zCtWGZR9G0NBKbXKh6X9m9UIsYX/N6vvQ==",
      "dev": true,
      "license": "ISC",
      "dependencies": {
        "reusify": "^1.0.4"
      }
    },
    "node_modules/fdir": {
      "version": "6.5.0",
      "resolved": "https://registry.npmjs.org/fdir/-/fdir-6.5.0.tgz",
      "integrity": "sha512-tIbYtZbucOs0BRGqPJkshJUYdL+SDH7dVM8gjy+ERp3WAUjLEFJE+02kanyHtwjWOnwrKYBiwAmM0p4kLJAnXg==",
      "dev": true,
      "license": "MIT",
      "engines": {
        "node": ">=12.0.0"
      },
      "peerDependencies": {
        "picomatch": "^3 || ^4"
      },
      "peerDependenciesMeta": {
        "picomatch": {
          "optional": true
        }
      }
    },
    "node_modules/fill-range": {
      "version": "7.1.1",
      "resolved": "https://registry.npmjs.org/fill-range/-/fill-range-7.1.1.tgz",
      "integrity": "sha512-YsGpe3WHLK8ZYi4tWDg2Jy3ebRz2rXowDxnld4bkQB00cc/1Zw9AWnC0i9ztDJitivtQvaI9KaLyKrc+hBW0yg==",
      "dev": true,
      "license": "MIT",
      "dependencies": {
        "to-regex-range": "^5.0.1"
      },
      "engines": {
        "node": ">=8"
      }
    },
    "node_modules/fsevents": {
      "version": "2.3.3",
      "resolved": "https://registry.npmjs.org/fsevents/-/fsevents-2.3.3.tgz",
      "integrity": "sha512-5xoDfX+fL7faATnagmWPpbFtwh/R77WmMMqqHGS65C3vvB0YHrgF+B1YmZ3441tMj5n63k0212XNoJwzlhffQw==",
      "dev": true,
      "hasInstallScript": true,
      "license": "MIT",
      "optional": true,
      "os": [
        "darwin"
      ],
      "engines": {
        "node": "^8.16.0 || ^10.6.0 || >=11.0.0"
      }
    },
    "node_modules/function-bind": {
      "version": "1.1.2",
      "resolved": "https://registry.npmjs.org/function-bind/-/function-bind-1.1.2.tgz",
      "integrity": "sha512-7XHNxH7qX9xG5mIwxkhumTox/MIRNcOgDrxWsMt2pAr23WHp6MrRlN7FBSFpCpr+oVO0F744iUgR82nJMfG2SA==",
      "dev": true,
      "license": "MIT",
      "funding": {
        "url": "https://github.com/sponsors/ljharb"
      }
    },
    "node_modules/glob-parent": {
      "version": "5.1.2",
      "resolved": "https://registry.npmjs.org/glob-parent/-/glob-parent-5.1.2.tgz",
      "integrity": "sha512-AOIgSQCepiJYwP3ARnGx+5VnTu2HBYdzbGP45eLw1vr3zB3vZLeyed1sC9hnbcOc9/SrMyM5RPQrkGz4aS9Zow==",
      "dev": true,
      "license": "ISC",
      "dependencies": {
        "is-glob": "^4.0.1"
      },
      "engines": {
        "node": ">= 6"
      }
    },
    "node_modules/hasown": {
      "version": "2.0.2",
      "resolved": "https://registry.npmjs.org/hasown/-/hasown-2.0.2.tgz",
      "integrity": "sha512-0hJU9SCPvmMzIBdZFqNPXWa6dqh7WdH0cII9y+CyS8rG3nL48Bclra9HmKhVVUHyPWNH5Y7xDwAB7bfgSjkUMQ==",
      "dev": true,
      "license": "MIT",
      "dependencies": {
        "function-bind": "^1.1.2"
      },
      "engines": {
        "node": ">= 0.4"
      }
    },
    "node_modules/is-core-module": {
      "version": "2.16.1",
      "resolved": "https://registry.npmjs.org/is-core-module/-/is-core-module-2.16.1.tgz",
      "integrity": "sha512-UfoeMA6fIJ8wTYFEUjelnaGI67v6+N7qXJEvQuIGa99l4xsCruSYOVSQ0uPANn4dAzm8lkYPaKLrrijLq7x23w==",
      "dev": true,
      "license": "MIT",
      "dependencies": {
        "hasown": "^2.0.2"
      },
      "engines": {
        "node": ">= 0.4"
      },
      "funding": {
        "url": "https://github.com/sponsors/ljharb"
      }
    },
    "node_modules/is-extglob": {
      "version": "2.1.1",
      "resolved": "https://registry.npmjs.org/is-extglob/-/is-extglob-2.1.1.tgz",
      "integrity": "sha512-SbKbANkN603Vi4jEZv49LeVJMn4yGwsbzZworEoyEiutsN3nJYdbO36zfhGJ6QEDpOZIFkDtnq5JRxmvl3jsoQ==",
      "dev": true,
      "license": "MIT",
      "engines": {
        "node": ">=0.10.0"
      }
    },
    "node_modules/is-glob": {
      "version": "4.0.3",
      "resolved": "https://registry.npmjs.org/is-glob/-/is-glob-4.0.3.tgz",
      "integrity": "sha512-xelSayHH36ZgE7ZWhli7pW34hNbNl8Ojv5KVmkJD4hBdD3th8Tfk9vYasLM+mXWOZhFkgZfxhLSnrwRr4elSSg==",
      "dev": true,
      "license": "MIT",
      "dependencies": {
        "is-extglob": "^2.1.1"
      },
      "engines": {
        "node": ">=0.10.0"
      }
    },
    "node_modules/is-module": {
      "version": "1.0.0",
      "resolved": "https://registry.npmjs.org/is-module/-/is-module-1.0.0.tgz",
      "integrity": "sha512-51ypPSPCoTEIN9dy5Oy+h4pShgJmPCygKfyRCISBI+JoWT/2oJvK8QPxmwv7b/p239jXrm9M1mlQbyKJ5A152g==",
      "dev": true,
      "license": "MIT"
    },
    "node_modules/is-number": {
      "version": "7.0.0",
      "resolved": "https://registry.npmjs.org/is-number/-/is-number-7.0.0.tgz",
      "integrity": "sha512-41Cifkg6e8TylSpdtTpeLVMqvSBEVzTttHvERD741+pnZ8ANv0004MRL43QKPDlK9cGvNp6NZWZUBlbGXYxxng==",
      "dev": true,
      "license": "MIT",
      "engines": {
        "node": ">=0.12.0"
      }
    },
    "node_modules/is-reference": {
      "version": "1.2.1",
      "resolved": "https://registry.npmjs.org/is-reference/-/is-reference-1.2.1.tgz",
      "integrity": "sha512-U82MsXXiFIrjCK4otLT+o2NA2Cd2g5MLoOVXUZjIOhLurrRxpEXzI8O0KZHr3IjLvlAH1kTPYSuqer5T9ZVBKQ==",
      "dev": true,
      "license": "MIT",
      "dependencies": {
        "@types/estree": "*"
      }
    },
    "node_modules/is-unicode-supported": {
      "version": "2.1.0",
      "resolved": "https://registry.npmjs.org/is-unicode-supported/-/is-unicode-supported-2.1.0.tgz",
      "integrity": "sha512-mE00Gnza5EEB3Ds0HfMyllZzbBrmLOX3vfWoj9A9PEnTfratQ/BcaJOuMhnkhjXvb2+FkY3VuHqtAGpTPmglFQ==",
      "dev": true,
      "license": "MIT",
      "engines": {
        "node": ">=18"
      },
      "funding": {
        "url": "https://github.com/sponsors/sindresorhus"
      }
    },
    "node_modules/log-symbols": {
      "version": "7.0.1",
      "resolved": "https://registry.npmjs.org/log-symbols/-/log-symbols-7.0.1.tgz",
      "integrity": "sha512-ja1E3yCr9i/0hmBVaM0bfwDjnGy8I/s6PP4DFp+yP+a+mrHO4Rm7DtmnqROTUkHIkqffC84YY7AeqX6oFk0WFg==",
      "dev": true,
      "license": "MIT",
      "dependencies": {
        "is-unicode-supported": "^2.0.0",
        "yoctocolors": "^2.1.1"
      },
      "engines": {
        "node": ">=18"
      },
      "funding": {
        "url": "https://github.com/sponsors/sindresorhus"
      }
    },
    "node_modules/magic-string": {
      "version": "0.30.21",
      "resolved": "https://registry.npmjs.org/magic-string/-/magic-string-0.30.21.tgz",
      "integrity": "sha512-vd2F4YUyEXKGcLHoq+TEyCjxueSeHnFxyyjNp80yg0XV4vUhnDer/lvvlqM/arB5bXQN5K2/3oinyCRyx8T2CQ==",
      "dev": true,
      "license": "MIT",
      "dependencies": {
        "@jridgewell/sourcemap-codec": "^1.5.5"
      }
    },
    "node_modules/merge2": {
      "version": "1.4.1",
      "resolved": "https://registry.npmjs.org/merge2/-/merge2-1.4.1.tgz",
      "integrity": "sha512-8q7VEgMJW4J8tcfVPy8g09NcQwZdbwFEqhe/WZkoIzjn/3TGDwtOCYtXGxA3O8tPzpczCCDgv+P2P5y00ZJOOg==",
      "dev": true,
      "license": "MIT",
      "engines": {
        "node": ">= 8"
      }
    },
    "node_modules/micromatch": {
      "version": "4.0.8",
      "resolved": "https://registry.npmjs.org/micromatch/-/micromatch-4.0.8.tgz",
      "integrity": "sha512-PXwfBhYu0hBCPw8Dn0E+WDYb7af3dSLVWKi3HGv84IdF4TyFoC0ysxFd0Goxw7nSv4T/PzEJQxsYsEiFCKo2BA==",
      "dev": true,
      "license": "MIT",
      "dependencies": {
        "braces": "^3.0.3",
        "picomatch": "^2.3.1"
      },
      "engines": {
        "node": ">=8.6"
      }
    },
    "node_modules/micromatch/node_modules/picomatch": {
      "version": "2.3.1",
      "resolved": "https://registry.npmjs.org/picomatch/-/picomatch-2.3.1.tgz",
      "integrity": "sha512-JU3teHTNjmE2VCGFzuY8EXzCDVwEqB2a8fsIvwaStHhAWJEeVd1o1QD80CU6+ZdEXXSLbSsuLwJjkCBWqRQUVA==",
      "dev": true,
      "license": "MIT",
      "engines": {
        "node": ">=8.6"
      },
      "funding": {
        "url": "https://github.com/sponsors/jonschlinkert"
      }
    },
    "node_modules/minimatch": {
      "version": "10.1.1",
      "resolved": "https://registry.npmjs.org/minimatch/-/minimatch-10.1.1.tgz",
      "integrity": "sha512-enIvLvRAFZYXJzkCYG5RKmPfrFArdLv+R+lbQ53BmIMLIry74bjKzX6iHAm8WYamJkhSSEabrWN5D97XnKObjQ==",
      "dev": true,
      "license": "BlueOak-1.0.0",
      "dependencies": {
        "@isaacs/brace-expansion": "^5.0.0"
      },
      "engines": {
        "node": "20 || >=22"
      },
      "funding": {
        "url": "https://github.com/sponsors/isaacs"
      }
    },
    "node_modules/path-browserify": {
      "version": "1.0.1",
      "resolved": "https://registry.npmjs.org/path-browserify/-/path-browserify-1.0.1.tgz",
      "integrity": "sha512-b7uo2UCUOYZcnF/3ID0lulOJi/bafxa1xPe7ZPsammBSpjSWQkjNxlt635YGS2MiR9GjvuXCtz2emr3jbsz98g==",
      "dev": true,
      "license": "MIT"
    },
    "node_modules/path-parse": {
      "version": "1.0.7",
      "resolved": "https://registry.npmjs.org/path-parse/-/path-parse-1.0.7.tgz",
      "integrity": "sha512-LDJzPVEEEPR+y48z93A0Ed0yXb8pAByGWo/k5YYdYgpY2/2EsOsksJrq7lOHxryrVOn1ejG6oAp8ahvOIQD8sw==",
      "dev": true,
      "license": "MIT"
    },
    "node_modules/picomatch": {
      "version": "4.0.3",
      "resolved": "https://registry.npmjs.org/picomatch/-/picomatch-4.0.3.tgz",
      "integrity": "sha512-5gTmgEY/sqK6gFXLIsQNH19lWb4ebPDLA4SdLP7dsWkIXHWlG66oPuVvXSGFPppYZz8ZDZq0dYYrbHfBCVUb1Q==",
      "dev": true,
      "license": "MIT",
      "engines": {
        "node": ">=12"
      },
      "funding": {
        "url": "https://github.com/sponsors/jonschlinkert"
      }
    },
    "node_modules/queue-microtask": {
      "version": "1.2.3",
      "resolved": "https://registry.npmjs.org/queue-microtask/-/queue-microtask-1.2.3.tgz",
      "integrity": "sha512-NuaNSa6flKT5JaSYQzJok04JzTL1CA6aGhv5rfLW3PgqA+M2ChpZQnAC8h8i4ZFkBS8X5RqkDBHA7r4hej3K9A==",
      "dev": true,
      "funding": [
        {
          "type": "github",
          "url": "https://github.com/sponsors/feross"
        },
        {
          "type": "patreon",
          "url": "https://www.patreon.com/feross"
        },
        {
          "type": "consulting",
          "url": "https://feross.org/support"
        }
      ],
      "license": "MIT"
    },
    "node_modules/resolve": {
      "version": "1.22.11",
      "resolved": "https://registry.npmjs.org/resolve/-/resolve-1.22.11.tgz",
      "integrity": "sha512-RfqAvLnMl313r7c9oclB1HhUEAezcpLjz95wFH4LVuhk9JF/r22qmVP9AMmOU4vMX7Q8pN8jwNg/CSpdFnMjTQ==",
      "dev": true,
      "license": "MIT",
      "dependencies": {
        "is-core-module": "^2.16.1",
        "path-parse": "^1.0.7",
        "supports-preserve-symlinks-flag": "^1.0.0"
      },
      "bin": {
        "resolve": "bin/resolve"
      },
      "engines": {
        "node": ">= 0.4"
      },
      "funding": {
        "url": "https://github.com/sponsors/ljharb"
      }
    },
    "node_modules/reusify": {
      "version": "1.1.0",
      "resolved": "https://registry.npmjs.org/reusify/-/reusify-1.1.0.tgz",
      "integrity": "sha512-g6QUff04oZpHs0eG5p83rFLhHeV00ug/Yf9nZM6fLeUrPguBTkTQOdpAWWspMh55TZfVQDPaN3NQJfbVRAxdIw==",
      "dev": true,
      "license": "MIT",
      "engines": {
        "iojs": ">=1.0.0",
        "node": ">=0.10.0"
      }
    },
    "node_modules/rollup": {
      "version": "4.53.2",
      "resolved": "https://registry.npmjs.org/rollup/-/rollup-4.53.2.tgz",
      "integrity": "sha512-MHngMYwGJVi6Fmnk6ISmnk7JAHRNF0UkuucA0CUW3N3a4KnONPEZz+vUanQP/ZC/iY1Qkf3bwPWzyY84wEks1g==",
      "dev": true,
      "license": "MIT",
      "dependencies": {
        "@types/estree": "1.0.8"
      },
      "bin": {
        "rollup": "dist/bin/rollup"
      },
      "engines": {
        "node": ">=18.0.0",
        "npm": ">=8.0.0"
      },
      "optionalDependencies": {
        "@rollup/rollup-android-arm-eabi": "4.53.2",
        "@rollup/rollup-android-arm64": "4.53.2",
        "@rollup/rollup-darwin-arm64": "4.53.2",
        "@rollup/rollup-darwin-x64": "4.53.2",
        "@rollup/rollup-freebsd-arm64": "4.53.2",
        "@rollup/rollup-freebsd-x64": "4.53.2",
        "@rollup/rollup-linux-arm-gnueabihf": "4.53.2",
        "@rollup/rollup-linux-arm-musleabihf": "4.53.2",
        "@rollup/rollup-linux-arm64-gnu": "4.53.2",
        "@rollup/rollup-linux-arm64-musl": "4.53.2",
        "@rollup/rollup-linux-loong64-gnu": "4.53.2",
        "@rollup/rollup-linux-ppc64-gnu": "4.53.2",
        "@rollup/rollup-linux-riscv64-gnu": "4.53.2",
        "@rollup/rollup-linux-riscv64-musl": "4.53.2",
        "@rollup/rollup-linux-s390x-gnu": "4.53.2",
        "@rollup/rollup-linux-x64-gnu": "4.53.2",
        "@rollup/rollup-linux-x64-musl": "4.53.2",
        "@rollup/rollup-openharmony-arm64": "4.53.2",
        "@rollup/rollup-win32-arm64-msvc": "4.53.2",
        "@rollup/rollup-win32-ia32-msvc": "4.53.2",
        "@rollup/rollup-win32-x64-gnu": "4.53.2",
        "@rollup/rollup-win32-x64-msvc": "4.53.2",
        "fsevents": "~2.3.2"
      }
    },
    "node_modules/run-parallel": {
      "version": "1.2.0",
      "resolved": "https://registry.npmjs.org/run-parallel/-/run-parallel-1.2.0.tgz",
      "integrity": "sha512-5l4VyZR86LZ/lDxZTR6jqL8AFE2S0IFLMP26AbjsLVADxHdhB/c0GUsH+y39UfCi3dzz8OlQuPmnaJOMoDHQBA==",
      "dev": true,
      "funding": [
        {
          "type": "github",
          "url": "https://github.com/sponsors/feross"
        },
        {
          "type": "patreon",
          "url": "https://www.patreon.com/feross"
        },
        {
          "type": "consulting",
          "url": "https://feross.org/support"
        }
      ],
      "license": "MIT",
      "dependencies": {
        "queue-microtask": "^1.2.2"
      }
    },
    "node_modules/supports-preserve-symlinks-flag": {
      "version": "1.0.0",
      "resolved": "https://registry.npmjs.org/supports-preserve-symlinks-flag/-/supports-preserve-symlinks-flag-1.0.0.tgz",
      "integrity": "sha512-ot0WnXS9fgdkgIcePe6RHNk1WA8+muPa6cSjeR3V8K27q9BB1rTE3R1p7Hv0z1ZyAc8s6Vvv8DIyWf681MAt0w==",
      "dev": true,
      "license": "MIT",
      "engines": {
        "node": ">= 0.4"
      },
      "funding": {
        "url": "https://github.com/sponsors/ljharb"
      }
    },
    "node_modules/to-regex-range": {
      "version": "5.0.1",
      "resolved": "https://registry.npmjs.org/to-regex-range/-/to-regex-range-5.0.1.tgz",
      "integrity": "sha512-65P7iz6X5yEr1cwcgvQxbbIw7Uk3gOy5dIdtZ4rDveLqhrdJP+Li/Hx6tyK0NEb+2GCyneCMJiGqrADCSNk8sQ==",
      "dev": true,
      "license": "MIT",
      "dependencies": {
        "is-number": "^7.0.0"
      },
      "engines": {
        "node": ">=8.0"
      }
    },
    "node_modules/ts-morph": {
      "version": "26.0.0",
      "resolved": "https://registry.npmjs.org/ts-morph/-/ts-morph-26.0.0.tgz",
      "integrity": "sha512-ztMO++owQnz8c/gIENcM9XfCEzgoGphTv+nKpYNM1bgsdOVC/jRZuEBf6N+mLLDNg68Kl+GgUZfOySaRiG1/Ug==",
      "dev": true,
      "license": "MIT",
      "dependencies": {
        "@ts-morph/common": "~0.27.0",
        "code-block-writer": "^13.0.3"
      }
    },
    "node_modules/tslib": {
      "version": "2.8.1",
      "resolved": "https://registry.npmjs.org/tslib/-/tslib-2.8.1.tgz",
      "integrity": "sha512-oJFu94HQb+KVduSUQL7wnpmqnfmLsOA/nAh6b6EH0wCEoK0/mPeXU6c3wKDV83MkOuHPRHtSXKKU99IBazS/2w==",
      "dev": true,
      "license": "0BSD"
    },
    "node_modules/typescript": {
      "version": "5.9.3",
      "resolved": "https://registry.npmjs.org/typescript/-/typescript-5.9.3.tgz",
      "integrity": "sha512-jl1vZzPDinLr9eUt3J/t7V6FgNEw9QjvBPdysz9KfQDD41fQrC2Y4vKQdiaUpFT4bXlb1RHhLpp8wtm6M5TgSw==",
      "dev": true,
      "license": "Apache-2.0",
      "bin": {
        "tsc": "bin/tsc",
        "tsserver": "bin/tsserver"
      },
      "engines": {
        "node": ">=14.17"
      }
    },
    "node_modules/undici-types": {
      "version": "7.16.0",
      "resolved": "https://registry.npmjs.org/undici-types/-/undici-types-7.16.0.tgz",
      "integrity": "sha512-Zz+aZWSj8LE6zoxD+xrjh4VfkIG8Ya6LvYkZqtUQGJPZjYl53ypCaUwWqo7eI0x66KBGeRo+mlBEkMSeSZ38Nw==",
      "dev": true,
      "license": "MIT"
    },
    "node_modules/yoctocolors": {
      "version": "2.1.2",
      "resolved": "https://registry.npmjs.org/yoctocolors/-/yoctocolors-2.1.2.tgz",
      "integrity": "sha512-CzhO+pFNo8ajLM2d2IW/R93ipy99LWjtwblvC1RsoSUMZgyLbYFr221TnSNT7GjGdYui6P459mw9JH/g/zW2ug==",
      "dev": true,
      "license": "MIT",
      "engines": {
        "node": ">=18"
      },
      "funding": {
        "url": "https://github.com/sponsors/sindresorhus"
      }
    }
  }
}
