{
  "nodes": {
    "golem-examples": {
      "flake": false,
      "locked": {
        "lastModified": 1715199010,
        "narHash": "sha256-7uWvvrRpIo4euFgP0TG4PEXENl4+Wgd8ckPpYnAwQbw=",
        "owner": "golemcloud",
        "repo": "golem-examples",
        "rev": "5165dcc7e3cbfa09f752caa96a869d284ec169aa",
        "type": "github"
      },
      "original": {
        "owner": "golemcloud",
        "repo": "golem-examples",
        "type": "github"
      }
    },
    "nixpkgs": {
      "locked": {
        "lastModified": 1725804652,
        "narHash": "sha256-KgSE/TQaomgbIO5KKKo6kgdlFlxVGpVn4eucGK3jl20=",
        "owner": "NixOS",
        "repo": "nixpkgs",
        "rev": "2f46ad5dd5c22cf18331773e346dfc5ae17edd88",
        "type": "github"
      },
      "original": {
        "owner": "NixOS",
        "repo": "nixpkgs",
        "type": "github"
      }
    },
    "root": {
      "inputs": {
        "golem-examples": "golem-examples",
        "nixpkgs": "nixpkgs"
      }
    }
  },
  "root": "root",
  "version": 7
}
