
Microsoft Visual Studio Solution File, Format Version 12.00
# Visual Studio Version 17
VisualStudioVersion = 17.5.002.0
MinimumVisualStudioVersion = 10.0.40219.1
Project("{2150E333-8FDC-42A3-9474-1A3956D46DE8}") = "test-components", "test-components", "{AF995A1A-092E-4A28-861E-4474B087AF30}"
EndProject
Project("{9A19103F-16F7-4668-BE54-9A1E7A4F7556}") = "csharp-1", "test-components\csharp-1\csharp-1.csproj", "{8EDB7AA5-C798-4040-85EE-D2B5D659B639}"
EndProject
Global
	GlobalSection(SolutionConfigurationPlatforms) = preSolution
		Debug|Any CPU = Debug|Any CPU
		Release|Any CPU = Release|Any CPU
	EndGlobalSection
	GlobalSection(ProjectConfigurationPlatforms) = postSolution
		{8EDB7AA5-C798-4040-85EE-D2B5D659B639}.Debug|Any CPU.ActiveCfg = Debug|Any CPU
		{8EDB7AA5-C798-4040-85EE-D2B5D659B639}.Debug|Any CPU.Build.0 = Debug|Any CPU
		{8EDB7AA5-C798-4040-85EE-D2B5D659B639}.Release|Any CPU.ActiveCfg = Release|Any CPU
		{8EDB7AA5-C798-4040-85EE-D2B5D659B639}.Release|Any CPU.Build.0 = Release|Any CPU
	EndGlobalSection
	GlobalSection(SolutionProperties) = preSolution
		HideSolutionNode = FALSE
	EndGlobalSection
	GlobalSection(NestedProjects) = preSolution
		{8EDB7AA5-C798-4040-85EE-D2B5D659B639} = {AF995A1A-092E-4A28-861E-4474B087AF30}
	EndGlobalSection
	GlobalSection(ExtensibilityGlobals) = postSolution
		SolutionGuid = {84BC75CE-BC8D-47D8-87F7-339B1EC58618}
	EndGlobalSection
EndGlobal
