# This file is automatically @generated by Cargo.
# It is not intended for manual editing.
version = 4

[[package]]
name = "bitflags"
version = "2.9.0"
source = "registry+https://github.com/rust-lang/crates.io-index"
checksum = "5c8214115b7bf84099f1309324e63141d4c5d7cc26862f97a0a857dbefe165bd"

[[package]]
name = "common-lib"
version = "0.1.0"

[[package]]
name = "rpc_grpc_api_caller"
version = "0.0.1"
dependencies = [
 "wit-bindgen-rt",
]

[[package]]
name = "wit-bindgen-rt"
version = "0.40.0"
source = "registry+https://github.com/rust-lang/crates.io-index"
checksum = "68faed92ae696b93ea9a7b67ba6c37bf09d72c6d9a70fa824a743c3020212f11"
dependencies = [
 "bitflags",
]
