version = 1
revision = 2
requires-python = ">=3.12"

[manifest]
overrides = [{ name = "urllib3", git = "https://github.com/golemcloud/urllib3?rev=799b3c60acca32fe4a17407f06a30cbadc0f129e" }]

[[package]]
name = "componentize-py"
version = "0.16.0"
source = { registry = "https://pypi.org/simple" }
sdist = { url = "https://files.pythonhosted.org/packages/d1/64/d64b0cbf596b4624f941199c943cf4547612807f125c25d26d6c7dfa7e03/componentize_py-0.16.0.tar.gz", hash = "sha256:2823e5f3abf7a4eaf993d0841d8e7888f13d3b46a8e42230e044d64b49311e57", size = 156307, upload-time = "2024-11-27T21:36:31.329Z" }
wheels = [
    { url = "https://files.pythonhosted.org/packages/c1/39/55db339c8d2a3de3f9b57e94763308eaa1ea4691b671606b90595cbcef3f/componentize_py-0.16.0-cp39-abi3-macosx_10_12_x86_64.whl", hash = "sha256:a67f378aada7d4652c14abfb922be915c6383192416d0fe75aef33c4fd8ed6f0", size = 18121079, upload-time = "2024-11-27T21:35:49.379Z" },
    { url = "https://files.pythonhosted.org/packages/59/c0/7721d5d3f8e6d716309fc0da466856695b699a6a55d557dfcc841b088730/componentize_py-0.16.0-cp39-abi3-macosx_11_0_arm64.whl", hash = "sha256:0728eb5c584651a21c7fde39e9c4c21d0b469b37e07e5e32b2d72e7ac5047083", size = 17763273, upload-time = "2024-11-27T21:36:00.471Z" },
    { url = "https://files.pythonhosted.org/packages/47/4b/8e70d5526073825a791dc2a4a1d02ef255034203d3fb4ff6450b06c927f5/componentize_py-0.16.0-cp39-abi3-manylinux_2_28_aarch64.whl", hash = "sha256:46bc31b4d3e93d556174827aeef326f644e7de4b85f3c1f8e05769aa3f522a08", size = 18544158, upload-time = "2024-11-27T21:36:09.726Z" },
    { url = "https://files.pythonhosted.org/packages/dc/78/368da5fdc97e8c56ee5d59a1c3f452233aa91f6c2e89fc8cde532612c6a3/componentize_py-0.16.0-cp39-abi3-manylinux_2_28_x86_64.whl", hash = "sha256:95644bf551b8e93f56049a623307bbc1d982ebfa3ebb1ef45b3e631bfd65b798", size = 19050720, upload-time = "2024-11-27T21:36:19.633Z" },
    { url = "https://files.pythonhosted.org/packages/12/47/55d85805686da60018b1f3d32c1025e46f9c2fe18a9c7e369912fa65998b/componentize_py-0.16.0-cp39-abi3-win_amd64.whl", hash = "sha256:8b0571f7a081dac86c9ab1b7ed0e0a5b5d5c9107f3d33db29f0764f261d7c1b8", size = 17282010, upload-time = "2024-11-27T21:36:28.53Z" },
]

[[package]]
name = "golem-it-python-http-client"
version = "0.1.0"
source = { virtual = "." }

[package.dev-dependencies]
dev = [
    { name = "componentize-py" },
    { name = "lib" },
    { name = "urllib3" },
]

[package.metadata]

[package.metadata.requires-dev]
dev = [
    { name = "componentize-py", specifier = "==0.16.0" },
    { name = "lib", directory = "../../common-python" },
    { name = "urllib3" },
]

[[package]]
name = "lib"
version = "0.1.0"
source = { directory = "../../common-python" }

[package.metadata]

[package.metadata.requires-dev]
dev = [{ name = "componentize-py", specifier = "==0.16.0" }]

[[package]]
name = "urllib3"
version = "0.1.dev4270"
source = { git = "https://github.com/golemcloud/urllib3?rev=799b3c60acca32fe4a17407f06a30cbadc0f129e#799b3c60acca32fe4a17407f06a30cbadc0f129e" }
