github.com/apparentlymart/go-userdirs v0.0.0-20200915174352-b0c018a67c13 h1:JtuelWqyixKApmXm3qghhZ7O96P6NKpyrlSIe8Rwnhw=
github.com/apparentlymart/go-userdirs v0.0.0-20200915174352-b0c018a67c13/go.mod h1:7kfpUbyCdGJ9fDRCp3fopPQi5+cKNHgTE4ZuNrO71Cw=
github.com/bytecodealliance/componentize-go v0.4.0 h1:rzNC0pnrXl2PGaTlXkVnAvw9IH6JLMN5K49SYBcYEdU=
github.com/bytecodealliance/componentize-go v0.4.0/go.mod h1:w1QFtPLGI9o38epvMOPyCKbMc7q7GJ7yZhIvhGTpzA0=
github.com/gofrs/flock v0.13.0 h1:95JolYOvGMqeH31+FC7D2+uULf6mG61mEZ/A8dRYMzw=
github.com/gofrs/flock v0.13.0/go.mod h1:jxeyy9R1auM5S6JYDBhDt+E2TCo7DkratH4Pgi8P+Z0=
github.com/google/go-cmp v0.3.0/go.mod h1:8QqcDgzrUqlUb/G2PQTWiueGozuR1884gddMywk6iLU=
go.bytecodealliance.org/pkg v0.2.3 h1:So9zHg8ahW+TH1JmgBHgIYuKHcinLiEcpV1tqVEZvLA=
go.bytecodealliance.org/pkg v0.2.3/go.mod h1:OjA+V8g3uUFixeCKFfamm6sYhTJdg8fvwEdJ2GO0GSk=
golang.org/x/sys v0.0.0-20190509141414-a5b02f93d862/go.mod h1:h1NjWce9XRLGQEsW7wpKNCjG9DtNlClVuFLEZdDNbEs=
golang.org/x/sys v0.37.0 h1:fdNQudmxPjkdUTPnLn5mdQv7Zwvbvpaxqs831goi9kQ=
golang.org/x/sys v0.37.0/go.mod h1:OgkHotnGiDImocRcuBABYBEXf8A9a87e/uXjp9XT3ks=
