[all]
url = "https://github.com/golemcloud/golem-wit/archive/v1.2.2-dev.9.tar.gz"
sha256 = "988d77aa7cde20fc5e676cb1759c243674935ab32947c5cdfef0622da8c209b4"
sha512 = "9059a858fc0fbe3bf4f1882caa2022dd2153811c928fbef4fb378850652dbf9f13d211791112bd03bb8aae02870ccb7f9e4f5c26aa713d57aed694a2739e03f3"
deps = ["blobstore", "cli", "clocks", "filesystem", "golem-1.x", "golem-durability", "golem-rpc", "http", "io", "keyvalue", "logging", "random", "sockets"]

[blobstore]
sha256 = "45aef84b22bd5b2c9bd41fade9a779208a103d96796e08b7aa587307e17a4d40"
sha512 = "27738adbfef3e946de8a79537d1341fb9603324ba5bfeead12b3bbe2381e7e40869406675f8135b72bff0d30dc02af2ddbec3abd3f013f6f702661be1f535651"

[cli]
sha256 = "5d362f6a3d21060b850947617ef2100a2a5c00edb3d420c62c5885e427146b42"
sha512 = "28b1863da80c8445b162fe1641ed96165d2c387f81087399603a234f8618917381b598fbbc6e665111c07487debb507e8f32e430c6a5ec39b57b2acc4d8722c1"

[clocks]
sha256 = "38202bc58c31111d2bf838527d51b18ad114890399a40c3fc7c96fafbd860f24"
sha512 = "5f563a62c09f1bc6b98848a0226c27e6f9deb67813fb3d9997907a11e1af83536ae68dbcb7ad5495d513ea2e0326349e146296c07dbd3ffe475510efb6f06898"

[filesystem]
sha256 = "a6dadf51f873259c198d4967d456c45157ceef7d828cc34794975f0851399193"
sha512 = "50a811a9039ba421a321eacf6edefc2f17803a003409f4efa0dae26f5b6949d26e03a75722141ed1b204fca413488cbbf4ed345c9faffe3e469aa96da5af7456"

["golem-1.x"]
sha256 = "bfdb4f11b06dca2158ec061ab22ce1034f24f093e15e343a43430700ae7c1885"
sha512 = "fd7341527b0c5a30b0ec9b69d5737b7636887452a08dfa0301af52c9e7edbcb1ee8a4abcd605d5cb18083c5009c1ee1a40157254fa10805694bf735ea2bfa132"

[golem-durability]
sha256 = "860f83afc11ae1416629a7a98e388b7a0210ea99bfb9557b79170daee7b37830"
sha512 = "567f7271e8f8a93e87d47ec93ea256708ed371d60132e4cbbbc7808ed227eff4ae635591f041ca125cd11278ac298b3be0479908a44878f40d5e96b6fce04240"

[golem-rpc]
sha256 = "b206ba6ccaf81dd337ab920c9b41583ccdb6e386caf2982100faeb0a301ff23d"
sha512 = "6b262032f26befaf798d6d3b3ee06a0c903d9fd111be79f92b52a63488cdd4a3456a640e983f5259c71890604881063253da6b3e2d9120e091fe36c520fb7386"

[http]
sha256 = "afedb015ed45b1eb06ec0c7ac3270bc5ecbc8cc6c072674b1b6e565c8e76fb0b"
sha512 = "134efeb964e6bae9428a321a64c42c5e3b515b382dea568782bce8b6e35158142ffe35f6631c4b47916786e74d682b3e74b441a0e01f3dd183fd423f3356d286"

[io]
sha256 = "b11a9c49768a95e3754ea019c957eaf7d46f0f3a9719217a9f1b4a399328738d"
sha512 = "45ad15cf077e21eec00e0dfab88c44b15c8ab0268d6dc3d1a488d4338d856d3745dbe5ab6a9415689d7965ab5e097487846df2ac94737cc3491045bac4b20258"

[keyvalue]
sha256 = "7c11601893d0ad83218c6d59f092b7feb8c9e97ed7f2c7e6d298f3ecedbfd83b"
sha512 = "12c26ea27db167342d4e6ed32694e1893b2fd140c7bbd4e605ded69bdc6ee0d7c402766b80678d4207c4416da6b58dd247e92cc4fb789d2f625073dc6c2afda3"

[logging]
sha256 = "8742228e0bedb2ee82f44122cc0387e6da524f6f25a89fde6841b2de4805ba2c"
sha512 = "9cca059e4b86bd04eed4a8257b607eeddc86c16e1444f0dc6edb990322e8c6a8a0ef51f484aa784da6dbac85ca535a2bbd1a8c62ede66fb187b5c232e21c467d"

[random]
sha256 = "2ff93e575d317efd0371f3a7b58807854e911f9b7b3d46809336c9a49396d78c"
sha512 = "b1422f88aeee82723e89351a9439b1428385d27e01e5fd6f41cb6b63ca9d45ac52f3443bdf34faab6e3557f008f8b5b1d81cfb871b621fc9ddc9f0c003f5c9fb"

[rdbms]
url = "https://github.com/golemcloud/wasi-rdbms/archive/golem-rdbms.tar.gz"
sha256 = "910fbf7f4307b52cc781ca081e774aef827f1492b31e01da9a91349fc5f22620"
sha512 = "0ed115a98266540a1f573a21914076630c0d52e22ec8f7034bb0703e6a3cd50e6051803dd5abd3461a82c987b83c8865eee7a6559b32492f330dc858f61c441b"

[sockets]
sha256 = "850c3a68c1724db553b67720058abcb13e96e28a224d359d56996f0083c2f7d0"
sha512 = "080130ff2141fcf6812b443c39aeccfee9317176c4aed61505b1b566acbdd22dd01dfc831410ddfa6fe3adc6ce411506fb78ca39fb60de44b56aaf892a4f7308"
