{
  "name": "golem-durable-streams-reference-client-tests",
  "lockfileVersion": 3,
  "requires": true,
  "packages": {
    "": {
      "name": "golem-durable-streams-reference-client-tests",
      "dependencies": {
        "@durable-streams/client": "0.2.7",
        "undici": "8.10.2"
      }
    },
    "node_modules/@durable-streams/client": {
      "version": "0.2.7",
      "resolved": "https://registry.npmjs.org/@durable-streams/client/-/client-0.2.7.tgz",
      "integrity": "sha512-oxWbPEo8NO1Ruv9UgUVu3OswdE2z5ERhjccaujlpwe4tWuVd+Y/kdx+HtrkOnwN+bnRHTlxKYUNY8JTyrnhKew==",
      "license": "Apache-2.0",
      "dependencies": {
        "@microsoft/fetch-event-source": "^2.0.1"
      },
      "bin": {
        "intent": "bin/intent.js"
      },
      "engines": {
        "node": ">=18.0.0"
      }
    },
    "node_modules/@microsoft/fetch-event-source": {
      "version": "2.0.1",
      "resolved": "https://registry.npmjs.org/@microsoft/fetch-event-source/-/fetch-event-source-2.0.1.tgz",
      "integrity": "sha512-W6CLUJ2eBMw3Rec70qrsEW0jOm/3twwJv21mrmj2yORiaVmVYGS4sSS5yUwvQc1ZlDLYGPnClVWmUUMagKNsfA==",
      "license": "MIT"
    },
    "node_modules/undici": {
      "version": "8.10.2",
      "resolved": "https://registry.npmjs.org/undici/-/undici-8.10.2.tgz",
      "integrity": "sha512-/y4/bH9YNU5hi9NIrpOuvGXFcxrj3CMrV+/AYpowAYTpHn8gX/XPFjNy766FPoYY0miQhdW977JFWKGNhBdwyQ==",
      "license": "MIT",
      "engines": {
        "node": ">=22.19.0"
      }
    }
  }
}
