# This file is automatically @generated by Cargo.
# It is not intended for manual editing.
version = 3

[[package]]
name = "bitflags"
version = "2.5.0"
source = "registry+https://github.com/rust-lang/crates.io-index"
checksum = "cf4b9d6a944f767f8e5e0db018570623c85f3d925ac718db4e06d0187adb21c1"

[[package]]
name = "bytes"
version = "1.6.0"
source = "registry+https://github.com/rust-lang/crates.io-index"
checksum = "514de17de45fdb8dc022b1a7975556c53c86f9f0aa5f534b98977b171857c2c9"

[[package]]
name = "update-test-v3"
version = "0.0.1"
dependencies = [
 "bytes",
 "wit-bindgen",
]

[[package]]
name = "wit-bindgen"
version = "0.17.0"
source = "registry+https://github.com/rust-lang/crates.io-index"
checksum = "6237168d93497b26dacdab157b08ad2787d74cdce10f89735f791b2a225eba4d"
dependencies = [
 "bitflags",
]
