# This file is automatically @generated by Cargo.
# It is not intended for manual editing.
version = 3

[[package]]
name = "bitflags"
version = "2.4.1"
source = "registry+https://github.com/rust-lang/crates.io-index"
checksum = "327762f6e5a765692301e5bb513e0d9fef63be86bbc14528052b1cd3e6f03e07"

[[package]]
name = "blob-store-service"
version = "0.0.1"
dependencies = [
 "wit-bindgen",
]

[[package]]
name = "wit-bindgen"
version = "0.17.0"
source = "registry+https://github.com/rust-lang/crates.io-index"
checksum = "6237168d93497b26dacdab157b08ad2787d74cdce10f89735f791b2a225eba4d"
dependencies = [
 "bitflags",
]
