# This file is automatically @generated by Cargo.
# It is not intended for manual editing.
version = 4

[[package]]
name = "bitflags"
version = "2.4.0"
source = "registry+https://github.com/rust-lang/crates.io-index"
checksum = "b4682ae6287fcf752ecaabbfcc7b6f9b72aa33933dc23a554d853aea8eea8635"

[[package]]
name = "rdbms-service"
version = "0.0.1"
dependencies = [
 "wit-bindgen-rt",
]

[[package]]
name = "wit-bindgen-rt"
version = "0.40.0"
source = "registry+https://github.com/rust-lang/crates.io-index"
checksum = "68faed92ae696b93ea9a7b67ba6c37bf09d72c6d9a70fa824a743c3020212f11"
dependencies = [
 "bitflags",
]
