# This file is automatically @generated by Cargo.
# It is not intended for manual editing.
version = 3

[[package]]
name = "bitflags"
version = "2.4.0"
source = "registry+https://github.com/rust-lang/crates.io-index"
checksum = "b4682ae6287fcf752ecaabbfcc7b6f9b72aa33933dc23a554d853aea8eea8635"

[[package]]
name = "golem-it-interruption"
version = "0.0.1"
dependencies = [
 "wit-bindgen",
]

[[package]]
name = "wit-bindgen"
version = "0.17.0"
source = "registry+https://github.com/rust-lang/crates.io-index"
checksum = "6237168d93497b26dacdab157b08ad2787d74cdce10f89735f791b2a225eba4d"
dependencies = [
 "bitflags",
]
