[all]
url = "https://github.com/golemcloud/golem-wit/archive/v1.3.0-dev.5.tar.gz"
sha256 = "6ac4f1553003474229bb40a885b48d1eaa4bea2f9d679a115da9afede30b5ad4"
sha512 = "ced8c18a35dc04123386465d98d2aeba54c486e4e22a30e7efac0548974e176528fcba36c64942d67fa35d9135806ff0fcde259eb4af051c4a29fcb397e9af1c"
deps = ["blobstore", "cli", "clocks", "config", "filesystem", "golem-1.x", "golem-durability", "golem-rpc", "http", "io", "keyvalue", "logging", "random", "sockets"]

[blobstore]
sha256 = "f7857c92a8d540ebfe10c9ac3b8cfe160d2303ca638d59aec3c18406e084d367"
sha512 = "af647a1c40672c4b2b970b2f99de54d404e35b4aed430b00395d708dcec74eb6f03543b65605a90a1dbc3db5dbf1887b2b6ae9b6c6306475d119b312b4e91868"

[cli]
sha256 = "4dadd13d55aaf626833d1f4b9c34a17b0f04e993babd09552b785cda3b95ea76"
sha512 = "898dcc4e8c15d18acc6b88dbe232336fa4d19019430a910dbc9e7aeaace3077a164af3be9f002de6e7e65ef693df340801ac0c7e421e9a746bf1b6d698a90835"

[clocks]
sha256 = "93a701968a7dd3c5d69031bc0601681c468972fdf7e28a93bb6150a67d6ebe8b"
sha512 = "98fca567c7a01887b0fb38981f1772169b6ea8de475b546508f8b86738d84e44ba95cae81def40ac34e8809f5f60e85224077ab8cb6d6d5d6296acc1df73c159"

[config]
sha256 = "31fe247a242af7abe32dfadcb4edbc7720f9c47c2bff34b7e5c75df915ab5eb9"
sha512 = "ce5367f3a104843852236799a3386a44da12ee5e287eb94075fd5252c1400b6ef84438f3b3e19f75fb3d842d82fe3a1bc999385fe59fc8e1696fed69bad69eac"

[filesystem]
sha256 = "69d42fb10a04a33545b17e055f13db9b1e10e82ba0ed5bdb52334e40dc07c679"
sha512 = "612effbac6f4804fe0c29dae20b78bbba59e52cb754c15402f5fe229c3153a221e0fbdff1d9d00ceaa3fe049c6a95523a5b99f772f1c16d972eade2c88326a30"

["golem-1.x"]
sha256 = "d707888500487684ea753aa86547665221803d64445fcb1ef23470ded04eaab7"
sha512 = "7558b6110b7f8b43b8b9858e9236eba2569babf9a23204d186785e6693172c94856e271406b7753ed75c8e1fefb2558e7038b10f3dead448a4ea23975f3d10df"

[golem-durability]
sha256 = "c5f8b9b4bda5a8d5d1d008978abed617c18da7d9c24167bf20a81a379d10d688"
sha512 = "40e09d412fd6faee904ce6f8abdcf3f83a604eca3628bf5605b7667540874ea53f9e29392059dac327ca96a0f1298372cb0626abcf66a1df4f4180731c13646a"

[golem-rpc]
sha256 = "a73f66a61e81b237057117b14aecc6c4c20eb004a4244ae10a51a876f71cf626"
sha512 = "396a1738320f7dc34a9a066755397b132b976e81c7cd28a8f45ff32aa5ea3226eb91d1e26d73995104b397fbd063ff83090550718f805773ceb78eb4f2155acf"

[http]
sha256 = "72d3a00dbf39eed40a134e8b1dee85834961153f9d205ee4dd56657270c084ce"
sha512 = "636150c464c0eb3d60bd212fc5d4012638c8cd4f89b583b87a38154ef99de828aac4296ac13c5cface10ee61e164fcfc43a5c104f916229dfdf49c0d11047677"

[io]
sha256 = "1cccbfe4122686ea57a25cd368e8cdfc408cbcad089f47fb6685b6f92e96f050"
sha512 = "7a95f964c13da52611141acd89bc8876226497f128e99dd176a4270c5b5efbd8cc847b5fbd1a91258d028c646db99e0424d72590cf1caf20f9f3a3343fad5017"

[keyvalue]
sha256 = "0b37334713ee32ddbf6c064ddc3fe8e5b730ff63b6381b45c87aa07a6ec700ca"
sha512 = "1ec372a657a2a9f602e781846984febfdc7c34c3dc8a2c83d5b282f5580edd1d556478bbbb2a34e97c618a03b05fcc1059d6f4a01dc27176f5e5702e5173507e"

[logging]
sha256 = "7fb7216c713fd329ec91bb596127a1b95eec26290290b6de0c1ef294fba858c2"
sha512 = "ceb68410bb46176051b0eee54e1a60831ca2fe820892c5f5f739e76efd4fe6ee6dc5e307947e7118b68a2a757ed3a3b471d16eb0900bb9040de47fef4bf1b56f"

[random]
sha256 = "dd0c91e7125172eb8fd4568e15ad9fc7305643015e6ece4396c3cc5e8c2bf79a"
sha512 = "d1ca2e7b0616a94a3b39d1b9450bb3fb595b01fd94a8626ad75433038dde40988ecb41ab93a374d569ab72163af3b30038d7bfc3499b9c07193181f4f1d9292a"

[sockets]
sha256 = "2bc0f65a8046207ee3330ad7d63f6fafeafd4cc0ea4084f081bd5e4f7b177e74"
sha512 = "3e5490e41547dffa78d52631825d93da8d60f4af0246cbaf97e1ecb879285953a86d5f1f390b10c32f91dd7eaec6f43e625a26b1c92c32a0c86fde428aedaaab"
