{
  "name": "app",
  "lockfileVersion": 3,
  "requires": true,
  "packages": {
    "": {
      "name": "app",
      "dependencies": {
        "@golemcloud/golem-ts-sdk": "0.0.16"
      }
    },
    "node_modules/@golemcloud/golem-ts-sdk": {
      "version": "0.0.16",
      "resolved": "https://registry.npmjs.org/@golemcloud/golem-ts-sdk/-/golem-ts-sdk-0.0.16.tgz",
      "integrity": "sha512-ETCxlq9GEJeh5SJRAhIT4JNrhaV1Mn2HmZDsyoqoJmmzL2jpMfgrLzgrFQRM+3K4RyhGd9Xd18EtvcUOH1A3UQ==",
      "license": "SEE LICENSE IN LICENSE",
      "dependencies": {
        "@golemcloud/golem-ts-types-core": "0.0.16"
      }
    },
    "node_modules/@golemcloud/golem-ts-types-core": {
      "version": "0.0.16",
      "resolved": "https://registry.npmjs.org/@golemcloud/golem-ts-types-core/-/golem-ts-types-core-0.0.16.tgz",
      "integrity": "sha512-yOlXl8LxhdTxiGvcuU5S1m1mBzIeZgbcuPDicIuKZ5vs7PGlAcH/Nchxso7mhVB8B6ZVPqu8G0qepqTdvZ2xCw==",
      "license": "SEE LICENSE IN LICENSE"
    }
  }
}
