{
  "name": "app",
  "lockfileVersion": 3,
  "requires": true,
  "packages": {
    "": {
      "name": "app",
      "dependencies": {
        "@golemcloud/golem-ts-sdk": "0.0.7"
      }
    },
    "node_modules/@golemcloud/golem-ts-sdk": {
      "version": "0.0.7",
      "resolved": "https://registry.npmjs.org/@golemcloud/golem-ts-sdk/-/golem-ts-sdk-0.0.7.tgz",
      "integrity": "sha512-LPRA1TjvBFfm1E9ysehi45wdBfp/DTwt57HdLRKF3VoMLgugPayOJ2uNb7WMFLSm5wIKBOOsAHeG8fyn56Xq/A==",
      "license": "SEE LICENSE IN LICENSE",
      "dependencies": {
        "@golemcloud/golem-ts-types-core": "0.0.7"
      }
    },
    "node_modules/@golemcloud/golem-ts-types-core": {
      "version": "0.0.7",
      "resolved": "https://registry.npmjs.org/@golemcloud/golem-ts-types-core/-/golem-ts-types-core-0.0.7.tgz",
      "integrity": "sha512-my9G+InSy8O1ShXX9el2T5N726hwIREqJPote0bleKWMmFJxiCVk87F8jomzqHGm/JPKR6hStsJbQtiLA2Ppcg==",
      "license": "SEE LICENSE IN LICENSE"
    }
  }
}
