{
  "name": "app",
  "lockfileVersion": 3,
  "requires": true,
  "packages": {
    "": {
      "name": "app",
      "dependencies": {
        "@golemcloud/golem-ts-sdk": "0.0.27"
      }
    },
    "node_modules/@golemcloud/golem-ts-sdk": {
      "version": "0.0.27",
      "resolved": "https://registry.npmjs.org/@golemcloud/golem-ts-sdk/-/golem-ts-sdk-0.0.27.tgz",
      "integrity": "sha512-36qbnIkna5AXSdnejiIjOjhDyQwgEDUcilQoFrQWQVeUXOn0SsbB2rD/6S/HUtdqivkrrtLShOqGGqgh4PfuYA==",
      "license": "SEE LICENSE IN LICENSE",
      "dependencies": {
        "@golemcloud/golem-ts-types-core": "0.0.27"
      }
    },
    "node_modules/@golemcloud/golem-ts-types-core": {
      "version": "0.0.27",
      "resolved": "https://registry.npmjs.org/@golemcloud/golem-ts-types-core/-/golem-ts-types-core-0.0.27.tgz",
      "integrity": "sha512-8EptOFU6ol+X/ILrIufjDzFk2qH9+MNUXHEYqeAyFwjjhLu0z0D/mH2ikOUHeuDZBQxqeHtsg8UYPPgr1cW+zQ==",
      "license": "SEE LICENSE IN LICENSE"
    }
  }
}
