# This file is automatically @generated by Cargo.
# It is not intended for manual editing.
version = 4

[[package]]
name = "bitflags"
version = "2.5.0"
source = "registry+https://github.com/rust-lang/crates.io-index"
checksum = "cf4b9d6a944f767f8e5e0db018570623c85f3d925ac718db4e06d0187adb21c1"

[[package]]
name = "update-test-v4"
version = "0.0.1"
dependencies = [
 "wit-bindgen-rt",
]

[[package]]
name = "wit-bindgen-rt"
version = "0.37.0"
source = "registry+https://github.com/rust-lang/crates.io-index"
checksum = "fc801b991c56492f87ab3086e786468f75c285a4d73017ab0ebc2fa1aed5d82c"
dependencies = [
 "bitflags",
]
