# This file is automatically @generated by Cargo.
# It is not intended for manual editing.
version = 4

[[package]]
name = "bitflags"
version = "2.6.0"
source = "registry+https://github.com/rust-lang/crates.io-index"
checksum = "b048fb63fd8b5923fc5aa7b340d8e156aec7ec02f0c78fa8a6ddc2613f6f71de"

[[package]]
name = "identity"
version = "0.0.1"
dependencies = [
 "wit-bindgen-rt",
]

[[package]]
name = "wit-bindgen-rt"
version = "0.26.0"
source = "registry+https://github.com/rust-lang/crates.io-index"
checksum = "29c7526379ace8709ee9ab9f2bb50f112d95581063a59ef3097d9c10153886c9"
dependencies = [
 "bitflags",
]
