{
  "name": "golem-durable-streams-reference-server-tests",
  "lockfileVersion": 3,
  "requires": true,
  "packages": {
    "": {
      "name": "golem-durable-streams-reference-server-tests",
      "dependencies": {
        "@durable-streams/server": "0.3.9"
      }
    },
    "node_modules/@durable-streams/client": {
      "version": "0.2.7",
      "resolved": "https://registry.npmjs.org/@durable-streams/client/-/client-0.2.7.tgz",
      "integrity": "sha512-oxWbPEo8NO1Ruv9UgUVu3OswdE2z5ERhjccaujlpwe4tWuVd+Y/kdx+HtrkOnwN+bnRHTlxKYUNY8JTyrnhKew==",
      "license": "Apache-2.0",
      "dependencies": {
        "@microsoft/fetch-event-source": "^2.0.1"
      },
      "bin": {
        "intent": "bin/intent.js"
      },
      "engines": {
        "node": ">=18.0.0"
      }
    },
    "node_modules/@durable-streams/server": {
      "version": "0.3.9",
      "resolved": "https://registry.npmjs.org/@durable-streams/server/-/server-0.3.9.tgz",
      "integrity": "sha512-jjUzuRu2VtJFl9wdSFrsowE/yQKhtxx12WWLQ2W0e68AwjSlerGW45nPvt2LNoXxTS0ObSJpRmxOYICpC61ztA==",
      "license": "Apache-2.0",
      "dependencies": {
        "@durable-streams/client": "0.2.7",
        "@durable-streams/state": "0.3.2",
        "@neophi/sieve-cache": "^1.0.0",
        "lmdb": "^3.3.0"
      },
      "engines": {
        "node": ">=18.0.0"
      }
    },
    "node_modules/@durable-streams/state": {
      "version": "0.3.2",
      "resolved": "https://registry.npmjs.org/@durable-streams/state/-/state-0.3.2.tgz",
      "integrity": "sha512-pFj09315ARvyJR6iCt6p1CP6HW6tw/JsKgD1pfyjduveOzqxq3v01aXPSlUMb83ncwWjtMTuzwyfP6JsywbaJg==",
      "license": "Apache-2.0",
      "dependencies": {
        "@durable-streams/client": "0.2.7",
        "@standard-schema/spec": "^1.0.0"
      },
      "bin": {
        "intent": "bin/intent.js"
      },
      "engines": {
        "node": ">=18.0.0"
      },
      "peerDependencies": {
        "@tanstack/db": ">=0.6.0 <1.0.0"
      },
      "peerDependenciesMeta": {
        "@tanstack/db": {
          "optional": true
        }
      }
    },
    "node_modules/@harperfast/extended-iterable": {
      "version": "1.0.3",
      "resolved": "https://registry.npmjs.org/@harperfast/extended-iterable/-/extended-iterable-1.0.3.tgz",
      "integrity": "sha512-sSAYhQca3rDWtQUHSAPeO7axFIUJOI6hn1gjRC5APVE1a90tuyT8f5WIgRsFhhWA7htNkju2veB9eWL6YHi/Lw==",
      "license": "Apache-2.0"
    },
    "node_modules/@lmdb/lmdb-darwin-arm64": {
      "version": "3.5.6",
      "resolved": "https://registry.npmjs.org/@lmdb/lmdb-darwin-arm64/-/lmdb-darwin-arm64-3.5.6.tgz",
      "integrity": "sha512-mY5FG4TjPAkY4P0w+OhHaUka5mDh2TX2WKYIwuKzJ1zeW3VvRgxdam/lGJTquI+bthTx5CSHDW+BAQCnNAzkEA==",
      "cpu": [
        "arm64"
      ],
      "license": "MIT",
      "optional": true,
      "os": [
        "darwin"
      ]
    },
    "node_modules/@lmdb/lmdb-darwin-x64": {
      "version": "3.5.6",
      "resolved": "https://registry.npmjs.org/@lmdb/lmdb-darwin-x64/-/lmdb-darwin-x64-3.5.6.tgz",
      "integrity": "sha512-foa+pwitysO8k+xhs7psBFfTKnVgR69NlZRRTHaFVDqphh7AdGpLeyRzKw/ofatr/sN6TiHRRW6mmop0ZrrppQ==",
      "cpu": [
        "x64"
      ],
      "license": "MIT",
      "optional": true,
      "os": [
        "darwin"
      ]
    },
    "node_modules/@lmdb/lmdb-linux-arm": {
      "version": "3.5.6",
      "resolved": "https://registry.npmjs.org/@lmdb/lmdb-linux-arm/-/lmdb-linux-arm-3.5.6.tgz",
      "integrity": "sha512-QR4YRyR5h5Z8eGXrNQjiyo2NNDfqi3tCc9dQG5Is1blCt+qWw1ZoBWhlWAr5d+jshkifMIJjVHzHGKbkKzF8Tw==",
      "cpu": [
        "arm"
      ],
      "license": "MIT",
      "optional": true,
      "os": [
        "linux"
      ]
    },
    "node_modules/@lmdb/lmdb-linux-arm64": {
      "version": "3.5.6",
      "resolved": "https://registry.npmjs.org/@lmdb/lmdb-linux-arm64/-/lmdb-linux-arm64-3.5.6.tgz",
      "integrity": "sha512-HmiyFFdJa38s1heCMSooSPaBSFTHJ3C+ERPp28xAPlDX1YiALJVOgbry065nXd8Y7KISWjnw05zpG1RX8IfftA==",
      "cpu": [
        "arm64"
      ],
      "license": "MIT",
      "optional": true,
      "os": [
        "linux"
      ]
    },
    "node_modules/@lmdb/lmdb-linux-x64": {
      "version": "3.5.6",
      "resolved": "https://registry.npmjs.org/@lmdb/lmdb-linux-x64/-/lmdb-linux-x64-3.5.6.tgz",
      "integrity": "sha512-ADzCuCF2cTNiX9kDScqcz1fjnAkxPpQNneV3KFTdV3wWtVlI2sTGzySoMTgDpinkMMFj1NTJlxA6XR8fwc4hlA==",
      "cpu": [
        "x64"
      ],
      "license": "MIT",
      "optional": true,
      "os": [
        "linux"
      ]
    },
    "node_modules/@lmdb/lmdb-win32-arm64": {
      "version": "3.5.6",
      "resolved": "https://registry.npmjs.org/@lmdb/lmdb-win32-arm64/-/lmdb-win32-arm64-3.5.6.tgz",
      "integrity": "sha512-J7A9aEQsQiv0TYtBGL7NDIPp2lOS8nnl+zm4sWZm1xlsTTaQ4PgD096Adzdrk27rw3UxCkDXdCUa4ax41oztBQ==",
      "cpu": [
        "arm64"
      ],
      "license": "MIT",
      "optional": true,
      "os": [
        "win32"
      ]
    },
    "node_modules/@lmdb/lmdb-win32-x64": {
      "version": "3.5.6",
      "resolved": "https://registry.npmjs.org/@lmdb/lmdb-win32-x64/-/lmdb-win32-x64-3.5.6.tgz",
      "integrity": "sha512-1g7G0knRX2iV/voDu54yxrGqw5Dk0w2oIYb7dgJq8IkOi+m7wbD8Q3QpPFjh0C01G58S88dqGn03len6UPCXsg==",
      "cpu": [
        "x64"
      ],
      "license": "MIT",
      "optional": true,
      "os": [
        "win32"
      ]
    },
    "node_modules/@microsoft/fetch-event-source": {
      "version": "2.0.1",
      "resolved": "https://registry.npmjs.org/@microsoft/fetch-event-source/-/fetch-event-source-2.0.1.tgz",
      "integrity": "sha512-W6CLUJ2eBMw3Rec70qrsEW0jOm/3twwJv21mrmj2yORiaVmVYGS4sSS5yUwvQc1ZlDLYGPnClVWmUUMagKNsfA==",
      "license": "MIT"
    },
    "node_modules/@msgpackr-extract/msgpackr-extract-darwin-arm64": {
      "version": "3.0.4",
      "resolved": "https://registry.npmjs.org/@msgpackr-extract/msgpackr-extract-darwin-arm64/-/msgpackr-extract-darwin-arm64-3.0.4.tgz",
      "integrity": "sha512-LCkGo6JDfaBhgST7UpPWgNgLINpcpabaHfyz5OBx75nUYxBsaEPxjnyNjWpeb/xBup/682QnBfRBy2/LvPutZQ==",
      "cpu": [
        "arm64"
      ],
      "license": "MIT",
      "optional": true,
      "os": [
        "darwin"
      ]
    },
    "node_modules/@msgpackr-extract/msgpackr-extract-darwin-x64": {
      "version": "3.0.4",
      "resolved": "https://registry.npmjs.org/@msgpackr-extract/msgpackr-extract-darwin-x64/-/msgpackr-extract-darwin-x64-3.0.4.tgz",
      "integrity": "sha512-zExlW9zUJKZH/tOtVMttwjKa4Xm/3KcNjnE3dPN92uCktwavMxpgCA3MoJK/DOnTWsQgo224OaST27/mPNAf+w==",
      "cpu": [
        "x64"
      ],
      "license": "MIT",
      "optional": true,
      "os": [
        "darwin"
      ]
    },
    "node_modules/@msgpackr-extract/msgpackr-extract-linux-arm": {
      "version": "3.0.4",
      "resolved": "https://registry.npmjs.org/@msgpackr-extract/msgpackr-extract-linux-arm/-/msgpackr-extract-linux-arm-3.0.4.tgz",
      "integrity": "sha512-Tg3yX65f5GbtXLkrYEHE5oibZG9epyYWas7FogTTEJeDEF9JlXJzKgXaNhT3UXlTOeA+AfZpYZYZ0uPj7Cfquw==",
      "cpu": [
        "arm"
      ],
      "license": "MIT",
      "optional": true,
      "os": [
        "linux"
      ]
    },
    "node_modules/@msgpackr-extract/msgpackr-extract-linux-arm64": {
      "version": "3.0.4",
      "resolved": "https://registry.npmjs.org/@msgpackr-extract/msgpackr-extract-linux-arm64/-/msgpackr-extract-linux-arm64-3.0.4.tgz",
      "integrity": "sha512-dgX0P/9wGPJeHFBG+ZmhgE6bmtMt7NP5CRBGyyktpopdk/mW4POnrpQsSLtKI1dwpc+pPLuXHDh6vvskyQE/sw==",
      "cpu": [
        "arm64"
      ],
      "license": "MIT",
      "optional": true,
      "os": [
        "linux"
      ]
    },
    "node_modules/@msgpackr-extract/msgpackr-extract-linux-x64": {
      "version": "3.0.4",
      "resolved": "https://registry.npmjs.org/@msgpackr-extract/msgpackr-extract-linux-x64/-/msgpackr-extract-linux-x64-3.0.4.tgz",
      "integrity": "sha512-8TNXMEjJc3QEy7R/x1INhgiU+XakDAFUzBhaz7+Rbrs8NH5UQeHQxxmzsSBJGyV6I1jW79undiQm8tOI+D+8FQ==",
      "cpu": [
        "x64"
      ],
      "license": "MIT",
      "optional": true,
      "os": [
        "linux"
      ]
    },
    "node_modules/@msgpackr-extract/msgpackr-extract-win32-x64": {
      "version": "3.0.4",
      "resolved": "https://registry.npmjs.org/@msgpackr-extract/msgpackr-extract-win32-x64/-/msgpackr-extract-win32-x64-3.0.4.tgz",
      "integrity": "sha512-CmCXPQrkbwExx3j946/PtHWHbYJiCRBRDl4BlkRQcJB/YOwQxJRTpoo7aTsortjgoJ1x7opzTSxn7C+ASSLVjQ==",
      "cpu": [
        "x64"
      ],
      "license": "MIT",
      "optional": true,
      "os": [
        "win32"
      ]
    },
    "node_modules/@neophi/sieve-cache": {
      "version": "1.5.0",
      "resolved": "https://registry.npmjs.org/@neophi/sieve-cache/-/sieve-cache-1.5.0.tgz",
      "integrity": "sha512-9T3nD5q51X1d4QYW6vouKW9hBSb2Tb/wB/2XoTr4oP5SCGtp3a7aTHHewQFylred1B21/Bhev6gy4x01FPBcbQ==",
      "license": "MIT",
      "engines": {
        "node": ">=18"
      }
    },
    "node_modules/@standard-schema/spec": {
      "version": "1.1.0",
      "resolved": "https://registry.npmjs.org/@standard-schema/spec/-/spec-1.1.0.tgz",
      "integrity": "sha512-l2aFy5jALhniG5HgqrD6jXLi/rUWrKvqN/qJx6yoJsgKhblVd+iqqU4RCXavm/jPityDo5TCvKMnpjKnOriy0w==",
      "license": "MIT"
    },
    "node_modules/detect-libc": {
      "version": "2.1.2",
      "resolved": "https://registry.npmjs.org/detect-libc/-/detect-libc-2.1.2.tgz",
      "integrity": "sha512-Btj2BOOO83o3WyH59e8MgXsxEQVcarkUOpEYrubB0urwnN10yQ364rsiByU11nZlqWYZm05i/of7io4mzihBtQ==",
      "license": "Apache-2.0",
      "engines": {
        "node": ">=8"
      }
    },
    "node_modules/lmdb": {
      "version": "3.5.6",
      "resolved": "https://registry.npmjs.org/lmdb/-/lmdb-3.5.6.tgz",
      "integrity": "sha512-j3uE8ReKNyUWDjhfEFSJqE/1DLtfTR5Z8yFzVHvBjAk37wNg7HdScjcv8ttPHRvrdgPQMPWxFFI0SsdBzI5lBw==",
      "hasInstallScript": true,
      "license": "MIT",
      "dependencies": {
        "@harperfast/extended-iterable": "^1.0.3",
        "msgpackr": "^1.11.2",
        "node-addon-api": "^6.1.0",
        "node-gyp-build-optional-packages": "5.2.2",
        "ordered-binary": "^1.5.3",
        "weak-lru-cache": "^1.2.2"
      },
      "bin": {
        "download-lmdb-prebuilds": "bin/download-prebuilds.js"
      },
      "optionalDependencies": {
        "@lmdb/lmdb-darwin-arm64": "3.5.6",
        "@lmdb/lmdb-darwin-x64": "3.5.6",
        "@lmdb/lmdb-linux-arm": "3.5.6",
        "@lmdb/lmdb-linux-arm64": "3.5.6",
        "@lmdb/lmdb-linux-x64": "3.5.6",
        "@lmdb/lmdb-win32-arm64": "3.5.6",
        "@lmdb/lmdb-win32-x64": "3.5.6"
      }
    },
    "node_modules/msgpackr": {
      "version": "1.12.1",
      "resolved": "https://registry.npmjs.org/msgpackr/-/msgpackr-1.12.1.tgz",
      "integrity": "sha512-4EUH9tQHnMmEgzW/MdAP0KIfa1T9AF+htl0ffe2n5vb2EKn9y2co8ccpgWko6S52Jy1PQZKwRnx5/KkYjtd9MQ==",
      "license": "MIT",
      "optionalDependencies": {
        "msgpackr-extract": "^3.0.2"
      }
    },
    "node_modules/msgpackr-extract": {
      "version": "3.0.4",
      "resolved": "https://registry.npmjs.org/msgpackr-extract/-/msgpackr-extract-3.0.4.tgz",
      "integrity": "sha512-4kmO/MdyUIkLIvTPr8VHLil4AtoKIoniWPIEk5+CDy0xnWC84azhSFmuJ7PxZdsYtiP5kEeQsORAVIeMgxT+Hw==",
      "hasInstallScript": true,
      "license": "MIT",
      "optional": true,
      "dependencies": {
        "node-gyp-build-optional-packages": "5.2.2"
      },
      "bin": {
        "download-msgpackr-prebuilds": "bin/download-prebuilds.js"
      },
      "optionalDependencies": {
        "@msgpackr-extract/msgpackr-extract-darwin-arm64": "3.0.4",
        "@msgpackr-extract/msgpackr-extract-darwin-x64": "3.0.4",
        "@msgpackr-extract/msgpackr-extract-linux-arm": "3.0.4",
        "@msgpackr-extract/msgpackr-extract-linux-arm64": "3.0.4",
        "@msgpackr-extract/msgpackr-extract-linux-x64": "3.0.4",
        "@msgpackr-extract/msgpackr-extract-win32-x64": "3.0.4"
      }
    },
    "node_modules/node-addon-api": {
      "version": "6.1.0",
      "resolved": "https://registry.npmjs.org/node-addon-api/-/node-addon-api-6.1.0.tgz",
      "integrity": "sha512-+eawOlIgy680F0kBzPUNFhMZGtJ1YmqM6l4+Crf4IkImjYrO/mqPwRMh352g23uIaQKFItcQ64I7KMaJxHgAVA==",
      "license": "MIT"
    },
    "node_modules/node-gyp-build-optional-packages": {
      "version": "5.2.2",
      "resolved": "https://registry.npmjs.org/node-gyp-build-optional-packages/-/node-gyp-build-optional-packages-5.2.2.tgz",
      "integrity": "sha512-s+w+rBWnpTMwSFbaE0UXsRlg7hU4FjekKU4eyAih5T8nJuNZT1nNsskXpxmeqSK9UzkBl6UgRlnKc8hz8IEqOw==",
      "license": "MIT",
      "dependencies": {
        "detect-libc": "^2.0.1"
      },
      "bin": {
        "node-gyp-build-optional-packages": "bin.js",
        "node-gyp-build-optional-packages-optional": "optional.js",
        "node-gyp-build-optional-packages-test": "build-test.js"
      }
    },
    "node_modules/ordered-binary": {
      "version": "1.6.1",
      "resolved": "https://registry.npmjs.org/ordered-binary/-/ordered-binary-1.6.1.tgz",
      "integrity": "sha512-QkCdPooczexPLiXIrbVOPYkR3VO3T6v2OyKRkR1Xbhpy7/LAVXwahnRCgRp78Oe/Ehf0C/HATAxfSr6eA1oX+w==",
      "license": "MIT"
    },
    "node_modules/weak-lru-cache": {
      "version": "1.2.2",
      "resolved": "https://registry.npmjs.org/weak-lru-cache/-/weak-lru-cache-1.2.2.tgz",
      "integrity": "sha512-DEAoo25RfSYMuTGc9vPJzZcZullwIqRDSI9LOy+fkCJPi6hykCnfKaXTuPBDuXAUcqHXyOgFtHNp/kB2FjYHbw==",
      "license": "MIT"
    }
  }
}
